
Microsoft Visual Studio Solution File, Format Version 12.00
# Visual Studio 15
VisualStudioVersion = 15.0.26730.16
MinimumVisualStudioVersion = 10.0.40219.1
Project("{9A19103F-16F7-4668-BE54-9A1E7A4F7556}") = "Jasper", "src\Jasper\Jasper.csproj", "{E617B35A-B0D2-43BB-A723-D29B992EE744}"
EndProject
Project("{9A19103F-16F7-4668-BE54-9A1E7A4F7556}") = "Module1", "src\Module1\Module1.csproj", "{4F18A2E4-5056-48C8-89BA-4837F6F983E4}"
EndProject
Project("{9A19103F-16F7-4668-BE54-9A1E7A4F7556}") = "TestMessages", "src\TestMessages\TestMessages.csproj", "{80F9678C-6935-4048-AACF-41642A48282A}"
EndProject
Project("{9A19103F-16F7-4668-BE54-9A1E7A4F7556}") = "ConsoleApp", "src\ConsoleApp\ConsoleApp.csproj", "{3FA62C1A-7046-4CFB-8124-284EC7BD3660}"
EndProject
Project("{9A19103F-16F7-4668-BE54-9A1E7A4F7556}") = "StorytellerSpecs", "src\StorytellerSpecs\StorytellerSpecs.csproj", "{51279890-5EDE-42A3-8D8D-EE0230CE0944}"
EndProject
Project("{9A19103F-16F7-4668-BE54-9A1E7A4F7556}") = "StorytellerSample", "src\StorytellerSample\StorytellerSample.csproj", "{0A574507-A3BF-4A7B-9E7B-41B173F60E20}"
EndProject
Project("{2150E333-8FDC-42A3-9474-1A3956D46DE8}") = "Samples", "Samples", "{A806095A-9D66-4D55-8662-1FC67E90F6FB}"
EndProject
Project("{9A19103F-16F7-4668-BE54-9A1E7A4F7556}") = "Publisher", "src\Publisher\Publisher.csproj", "{2AE00C65-E72F-4F95-9554-55E9B7D1A519}"
EndProject
Project("{9A19103F-16F7-4668-BE54-9A1E7A4F7556}") = "Subscriber", "src\Subscriber\Subscriber.csproj", "{3D14D687-1776-4357-9D93-8513F33E47D0}"
EndProject
Project("{9A19103F-16F7-4668-BE54-9A1E7A4F7556}") = "Pinger", "src\Pinger\Pinger.csproj", "{A52C1084-C382-46DD-8978-02336EF16B1A}"
EndProject
Project("{9A19103F-16F7-4668-BE54-9A1E7A4F7556}") = "Ponger", "src\Ponger\Ponger.csproj", "{7BF5E459-D6B6-45C5-8EFB-6CCCB9467ADC}"
EndProject
Project("{9A19103F-16F7-4668-BE54-9A1E7A4F7556}") = "benchmarks", "src\benchmarks\benchmarks.csproj", "{75E8302C-319C-4878-89EA-5D9EF1CFC91E}"
EndProject
Project("{FAE04EC0-301F-11D3-BF4B-00C04F79EFBC}") = "Jasper.JsonCommands", "src\Jasper.JsonCommands\Jasper.JsonCommands.csproj", "{627A87BA-75B9-4C2E-861E-02880CA04295}"
EndProject
Project("{FAE04EC0-301F-11D3-BF4B-00C04F79EFBC}") = "Jasper.RabbitMQ", "src\Jasper.RabbitMQ\Jasper.RabbitMQ.csproj", "{E377BDF8-0115-4235-904A-60002F8A3ECC}"
EndProject
Project("{FAE04EC0-301F-11D3-BF4B-00C04F79EFBC}") = "Sender", "src\Sender\Sender.csproj", "{1A64D0DD-C55C-42CE-8410-9D04EDD2D7AE}"
EndProject
Project("{FAE04EC0-301F-11D3-BF4B-00C04F79EFBC}") = "Receiver", "src\Receiver\Receiver.csproj", "{3155F55E-47A8-46EF-9F64-1DC1709CBB50}"
EndProject
Project("{FAE04EC0-301F-11D3-BF4B-00C04F79EFBC}") = "LoadTestDebugger", "src\LoadTestDebugger\LoadTestDebugger.csproj", "{DAD23115-0323-4508-BF27-CD6D36E1112B}"
EndProject
Project("{FAE04EC0-301F-11D3-BF4B-00C04F79EFBC}") = "RunLoadTests", "src\RunLoadTests\RunLoadTests.csproj", "{50ED8556-9202-4ED9-91AB-DA61CEC30808}"
EndProject
Project("{FAE04EC0-301F-11D3-BF4B-00C04F79EFBC}") = "Jasper.ApplicationInsights", "src\Jasper.ApplicationInsights\Jasper.ApplicationInsights.csproj", "{D2D04C6C-F7F1-4D67-B182-7C6A8668242D}"
EndProject
Project("{2150E333-8FDC-42A3-9474-1A3956D46DE8}") = "LoadTesting", "LoadTesting", "{DBB87E48-15C1-4E1D-AAF4-C35996C7C515}"
EndProject
Project("{FAE04EC0-301F-11D3-BF4B-00C04F79EFBC}") = "SqlSender", "src\SqlSender\SqlSender.csproj", "{1D682D0E-2D07-4B9F-9F37-825D03A354DB}"
EndProject
Project("{FAE04EC0-301F-11D3-BF4B-00C04F79EFBC}") = "SqlReceiver", "src\SqlReceiver\SqlReceiver.csproj", "{D899ECA0-DFA1-4200-9ED6-5D0A05F47279}"
EndProject
Project("{FAE04EC0-301F-11D3-BF4B-00C04F79EFBC}") = "IntegrationTests", "src\IntegrationTests\IntegrationTests.csproj", "{054AAB3A-DA4E-4750-93D0-3E0314EA6F09}"
EndProject
Project("{2150E333-8FDC-42A3-9474-1A3956D46DE8}") = "Persistence", "Persistence", "{166943FC-7D19-4C4A-9E74-02A2CB49CD6B}"
EndProject
Project("{FAE04EC0-301F-11D3-BF4B-00C04F79EFBC}") = "Jasper.Persistence.Marten", "src\Jasper.Persistence.Marten\Jasper.Persistence.Marten.csproj", "{79B5A55F-4AC6-46BA-829B-00A3ACE540D8}"
EndProject
Project("{FAE04EC0-301F-11D3-BF4B-00C04F79EFBC}") = "Jasper.Persistence.SqlServer", "src\Jasper.Persistence.SqlServer\Jasper.Persistence.SqlServer.csproj", "{A762EA81-6ECD-4DDD-B073-AC00BA4521CD}"
EndProject
Project("{FAE04EC0-301F-11D3-BF4B-00C04F79EFBC}") = "Jasper.TestSupport.Alba", "src\Jasper.TestSupport.Alba\Jasper.TestSupport.Alba.csproj", "{416F775A-A2E1-4063-9054-74FBEF458077}"
EndProject
Project("{FAE04EC0-301F-11D3-BF4B-00C04F79EFBC}") = "Jasper.TestSupport.Storyteller", "src\Jasper.TestSupport.Storyteller\Jasper.TestSupport.Storyteller.csproj", "{E1BCD6FE-A640-4318-B965-14578C32E31D}"
EndProject
Project("{2150E333-8FDC-42A3-9474-1A3956D46DE8}") = "Extensions", "Extensions", "{CA5A0AA5-2CAD-4F42-AF73-980469934F27}"
EndProject
Project("{FAE04EC0-301F-11D3-BF4B-00C04F79EFBC}") = "Jasper.AzureServiceBus", "src\Jasper.AzureServiceBus\Jasper.AzureServiceBus.csproj", "{FCCE0ECF-497E-4A55-94E4-B1C5EF371AAF}"
EndProject
Project("{FAE04EC0-301F-11D3-BF4B-00C04F79EFBC}") = "Jasper.AzureServiceBus.Tests", "src\Jasper.AzureServiceBus.Tests\Jasper.AzureServiceBus.Tests.csproj", "{277122E2-FF4E-41BF-BF04-A41CACDBD1E0}"
EndProject
Project("{FAE04EC0-301F-11D3-BF4B-00C04F79EFBC}") = "Jasper.MvcExtender", "src\Jasper.MvcExtender\Jasper.MvcExtender.csproj", "{1A60DB31-795B-4645-A450-E8B977055B7B}"
EndProject
Project("{FAE04EC0-301F-11D3-BF4B-00C04F79EFBC}") = "Jasper.MvcExtender.Tests", "src\Jasper.MvcExtender.Tests\Jasper.MvcExtender.Tests.csproj", "{BF3328FC-632B-44E2-87C5-3D33BB7404A4}"
EndProject
Project("{FAE04EC0-301F-11D3-BF4B-00C04F79EFBC}") = "MvcCoreHybrid", "src\MvcCoreHybrid\MvcCoreHybrid.csproj", "{AFB73DAC-1621-4601-8A22-B9481E7155AD}"
EndProject
Project("{FAE04EC0-301F-11D3-BF4B-00C04F79EFBC}") = "AspNetCorePerfTarget", "src\AspNetCorePerfTarget\AspNetCorePerfTarget.csproj", "{278F5827-4269-417A-804F-98A1D17F643E}"
EndProject
Project("{FAE04EC0-301F-11D3-BF4B-00C04F79EFBC}") = "NdcDemo", "src\NdcDemo\NdcDemo.csproj", "{D6B12FAD-51C6-45DD-90AF-86DB54F3109C}"
EndProject
Project("{FAE04EC0-301F-11D3-BF4B-00C04F79EFBC}") = "CoreTests", "src\CoreTests\CoreTests.csproj", "{79146D00-9690-4717-9E08-FF00B587322C}"
EndProject
Project("{FAE04EC0-301F-11D3-BF4B-00C04F79EFBC}") = "MessagingTests", "src\MessagingTests\MessagingTests.csproj", "{C1CA774E-6BB6-4BD1-A4F1-1B20E7ACD6DE}"
EndProject
Project("{FAE04EC0-301F-11D3-BF4B-00C04F79EFBC}") = "TestingSupport", "src\TestingSupport\TestingSupport.csproj", "{9D1DBC42-96F7-4516-8C47-9DD35C6D9AAD}"
EndProject
Project("{FAE04EC0-301F-11D3-BF4B-00C04F79EFBC}") = "HttpTests", "src\HttpTests\HttpTests.csproj", "{E41BA7A2-11C0-4520-B6B0-8023E0FE95B5}"
EndProject
Project("{FAE04EC0-301F-11D3-BF4B-00C04F79EFBC}") = "Samples", "src\Samples\Samples.csproj", "{32E92CD7-190E-4E9E-8230-1D7E5E19A539}"
EndProject
Project("{2150E333-8FDC-42A3-9474-1A3956D46DE8}") = "Testing", "Testing", "{2257A448-52A2-466A-ABC5-BD63018F004A}"
EndProject
Project("{FAE04EC0-301F-11D3-BF4B-00C04F79EFBC}") = "Jasper.Persistence.Postgresql", "src\Jasper.Persistence.Postgresql\Jasper.Persistence.Postgresql.csproj", "{4860ADD6-EC91-4DA8-84AC-9882B6210D4D}"
EndProject
Project("{FAE04EC0-301F-11D3-BF4B-00C04F79EFBC}") = "AspNetCoreHosted", "src\AspNetCoreHosted\AspNetCoreHosted.csproj", "{29371B76-B563-4A37-8FE6-24CEFE5F1F60}"
EndProject
Project("{FAE04EC0-301F-11D3-BF4B-00C04F79EFBC}") = "StorytellerRunner", "src\StorytellerRunner\StorytellerRunner.csproj", "{0197CBCD-7A5F-4A52-9294-32336B312F9C}"
EndProject
Project("{FAE04EC0-301F-11D3-BF4B-00C04F79EFBC}") = "Jasper.Persistence.Database", "src\Jasper.Persistence.Database\Jasper.Persistence.Database.csproj", "{442F7B7D-C529-4C17-A6F6-C578CA5C06F5}"
EndProject
Project("{FAE04EC0-301F-11D3-BF4B-00C04F79EFBC}") = "Jasper.Persistence.Testing", "src\Jasper.Persistence.Testing\Jasper.Persistence.Testing.csproj", "{899902B6-63DB-4FED-ABC7-9AE35CCE1DB6}"
EndProject
Project("{FAE04EC0-301F-11D3-BF4B-00C04F79EFBC}") = "Jasper.RabbitMQ.Tests", "src\Jasper.RabbitMQ.Tests\Jasper.RabbitMQ.Tests.csproj", "{621EDEE7-1085-43AA-BD02-0803FFC83377}"
EndProject
Project("{FAE04EC0-301F-11D3-BF4B-00C04F79EFBC}") = "Jasper.TestSupport.Tests", "src\Jasper.TestSupport.Tests\Jasper.TestSupport.Tests.csproj", "{8C745FAA-D09E-49B1-87D3-0926ED70A640}"
EndProject
Global
	GlobalSection(SolutionConfigurationPlatforms) = preSolution
		Debug|Any CPU = Debug|Any CPU
		Debug|x64 = Debug|x64
		Debug|x86 = Debug|x86
		Release|Any CPU = Release|Any CPU
		Release|x64 = Release|x64
		Release|x86 = Release|x86
	EndGlobalSection
	GlobalSection(ProjectConfigurationPlatforms) = postSolution
		{E617B35A-B0D2-43BB-A723-D29B992EE744}.Debug|Any CPU.ActiveCfg = Debug|Any CPU
		{E617B35A-B0D2-43BB-A723-D29B992EE744}.Debug|Any CPU.Build.0 = Debug|Any CPU
		{E617B35A-B0D2-43BB-A723-D29B992EE744}.Debug|x64.ActiveCfg = Debug|Any CPU
		{E617B35A-B0D2-43BB-A723-D29B992EE744}.Debug|x64.Build.0 = Debug|Any CPU
		{E617B35A-B0D2-43BB-A723-D29B992EE744}.Debug|x86.ActiveCfg = Debug|Any CPU
		{E617B35A-B0D2-43BB-A723-D29B992EE744}.Debug|x86.Build.0 = Debug|Any CPU
		{E617B35A-B0D2-43BB-A723-D29B992EE744}.Release|Any CPU.ActiveCfg = Release|Any CPU
		{E617B35A-B0D2-43BB-A723-D29B992EE744}.Release|Any CPU.Build.0 = Release|Any CPU
		{E617B35A-B0D2-43BB-A723-D29B992EE744}.Release|x64.ActiveCfg = Release|Any CPU
		{E617B35A-B0D2-43BB-A723-D29B992EE744}.Release|x64.Build.0 = Release|Any CPU
		{E617B35A-B0D2-43BB-A723-D29B992EE744}.Release|x86.ActiveCfg = Release|Any CPU
		{E617B35A-B0D2-43BB-A723-D29B992EE744}.Release|x86.Build.0 = Release|Any CPU
		{4F18A2E4-5056-48C8-89BA-4837F6F983E4}.Debug|Any CPU.ActiveCfg = Debug|Any CPU
		{4F18A2E4-5056-48C8-89BA-4837F6F983E4}.Debug|Any CPU.Build.0 = Debug|Any CPU
		{4F18A2E4-5056-48C8-89BA-4837F6F983E4}.Debug|x64.ActiveCfg = Debug|Any CPU
		{4F18A2E4-5056-48C8-89BA-4837F6F983E4}.Debug|x64.Build.0 = Debug|Any CPU
		{4F18A2E4-5056-48C8-89BA-4837F6F983E4}.Debug|x86.ActiveCfg = Debug|Any CPU
		{4F18A2E4-5056-48C8-89BA-4837F6F983E4}.Debug|x86.Build.0 = Debug|Any CPU
		{4F18A2E4-5056-48C8-89BA-4837F6F983E4}.Release|Any CPU.ActiveCfg = Release|Any CPU
		{4F18A2E4-5056-48C8-89BA-4837F6F983E4}.Release|Any CPU.Build.0 = Release|Any CPU
		{4F18A2E4-5056-48C8-89BA-4837F6F983E4}.Release|x64.ActiveCfg = Release|Any CPU
		{4F18A2E4-5056-48C8-89BA-4837F6F983E4}.Release|x64.Build.0 = Release|Any CPU
		{4F18A2E4-5056-48C8-89BA-4837F6F983E4}.Release|x86.ActiveCfg = Release|Any CPU
		{4F18A2E4-5056-48C8-89BA-4837F6F983E4}.Release|x86.Build.0 = Release|Any CPU
		{80F9678C-6935-4048-AACF-41642A48282A}.Debug|Any CPU.ActiveCfg = Debug|Any CPU
		{80F9678C-6935-4048-AACF-41642A48282A}.Debug|Any CPU.Build.0 = Debug|Any CPU
		{80F9678C-6935-4048-AACF-41642A48282A}.Debug|x64.ActiveCfg = Debug|Any CPU
		{80F9678C-6935-4048-AACF-41642A48282A}.Debug|x64.Build.0 = Debug|Any CPU
		{80F9678C-6935-4048-AACF-41642A48282A}.Debug|x86.ActiveCfg = Debug|Any CPU
		{80F9678C-6935-4048-AACF-41642A48282A}.Debug|x86.Build.0 = Debug|Any CPU
		{80F9678C-6935-4048-AACF-41642A48282A}.Release|Any CPU.ActiveCfg = Release|Any CPU
		{80F9678C-6935-4048-AACF-41642A48282A}.Release|Any CPU.Build.0 = Release|Any CPU
		{80F9678C-6935-4048-AACF-41642A48282A}.Release|x64.ActiveCfg = Release|Any CPU
		{80F9678C-6935-4048-AACF-41642A48282A}.Release|x64.Build.0 = Release|Any CPU
		{80F9678C-6935-4048-AACF-41642A48282A}.Release|x86.ActiveCfg = Release|Any CPU
		{80F9678C-6935-4048-AACF-41642A48282A}.Release|x86.Build.0 = Release|Any CPU
		{3FA62C1A-7046-4CFB-8124-284EC7BD3660}.Debug|Any CPU.ActiveCfg = Debug|Any CPU
		{3FA62C1A-7046-4CFB-8124-284EC7BD3660}.Debug|Any CPU.Build.0 = Debug|Any CPU
		{3FA62C1A-7046-4CFB-8124-284EC7BD3660}.Debug|x64.ActiveCfg = Debug|Any CPU
		{3FA62C1A-7046-4CFB-8124-284EC7BD3660}.Debug|x64.Build.0 = Debug|Any CPU
		{3FA62C1A-7046-4CFB-8124-284EC7BD3660}.Debug|x86.ActiveCfg = Debug|Any CPU
		{3FA62C1A-7046-4CFB-8124-284EC7BD3660}.Debug|x86.Build.0 = Debug|Any CPU
		{3FA62C1A-7046-4CFB-8124-284EC7BD3660}.Release|Any CPU.ActiveCfg = Release|Any CPU
		{3FA62C1A-7046-4CFB-8124-284EC7BD3660}.Release|Any CPU.Build.0 = Release|Any CPU
		{3FA62C1A-7046-4CFB-8124-284EC7BD3660}.Release|x64.ActiveCfg = Release|Any CPU
		{3FA62C1A-7046-4CFB-8124-284EC7BD3660}.Release|x64.Build.0 = Release|Any CPU
		{3FA62C1A-7046-4CFB-8124-284EC7BD3660}.Release|x86.ActiveCfg = Release|Any CPU
		{3FA62C1A-7046-4CFB-8124-284EC7BD3660}.Release|x86.Build.0 = Release|Any CPU
		{51279890-5EDE-42A3-8D8D-EE0230CE0944}.Debug|Any CPU.ActiveCfg = Debug|Any CPU
		{51279890-5EDE-42A3-8D8D-EE0230CE0944}.Debug|Any CPU.Build.0 = Debug|Any CPU
		{51279890-5EDE-42A3-8D8D-EE0230CE0944}.Debug|x64.ActiveCfg = Debug|Any CPU
		{51279890-5EDE-42A3-8D8D-EE0230CE0944}.Debug|x64.Build.0 = Debug|Any CPU
		{51279890-5EDE-42A3-8D8D-EE0230CE0944}.Debug|x86.ActiveCfg = Debug|Any CPU
		{51279890-5EDE-42A3-8D8D-EE0230CE0944}.Debug|x86.Build.0 = Debug|Any CPU
		{51279890-5EDE-42A3-8D8D-EE0230CE0944}.Release|Any CPU.ActiveCfg = Release|Any CPU
		{51279890-5EDE-42A3-8D8D-EE0230CE0944}.Release|Any CPU.Build.0 = Release|Any CPU
		{51279890-5EDE-42A3-8D8D-EE0230CE0944}.Release|x64.ActiveCfg = Release|Any CPU
		{51279890-5EDE-42A3-8D8D-EE0230CE0944}.Release|x64.Build.0 = Release|Any CPU
		{51279890-5EDE-42A3-8D8D-EE0230CE0944}.Release|x86.ActiveCfg = Release|Any CPU
		{51279890-5EDE-42A3-8D8D-EE0230CE0944}.Release|x86.Build.0 = Release|Any CPU
		{0A574507-A3BF-4A7B-9E7B-41B173F60E20}.Debug|Any CPU.ActiveCfg = Debug|Any CPU
		{0A574507-A3BF-4A7B-9E7B-41B173F60E20}.Debug|Any CPU.Build.0 = Debug|Any CPU
		{0A574507-A3BF-4A7B-9E7B-41B173F60E20}.Debug|x64.ActiveCfg = Debug|Any CPU
		{0A574507-A3BF-4A7B-9E7B-41B173F60E20}.Debug|x64.Build.0 = Debug|Any CPU
		{0A574507-A3BF-4A7B-9E7B-41B173F60E20}.Debug|x86.ActiveCfg = Debug|Any CPU
		{0A574507-A3BF-4A7B-9E7B-41B173F60E20}.Debug|x86.Build.0 = Debug|Any CPU
		{0A574507-A3BF-4A7B-9E7B-41B173F60E20}.Release|Any CPU.ActiveCfg = Release|Any CPU
		{0A574507-A3BF-4A7B-9E7B-41B173F60E20}.Release|Any CPU.Build.0 = Release|Any CPU
		{0A574507-A3BF-4A7B-9E7B-41B173F60E20}.Release|x64.ActiveCfg = Release|Any CPU
		{0A574507-A3BF-4A7B-9E7B-41B173F60E20}.Release|x64.Build.0 = Release|Any CPU
		{0A574507-A3BF-4A7B-9E7B-41B173F60E20}.Release|x86.ActiveCfg = Release|Any CPU
		{0A574507-A3BF-4A7B-9E7B-41B173F60E20}.Release|x86.Build.0 = Release|Any CPU
		{2AE00C65-E72F-4F95-9554-55E9B7D1A519}.Debug|Any CPU.ActiveCfg = Debug|Any CPU
		{2AE00C65-E72F-4F95-9554-55E9B7D1A519}.Debug|Any CPU.Build.0 = Debug|Any CPU
		{2AE00C65-E72F-4F95-9554-55E9B7D1A519}.Debug|x64.ActiveCfg = Debug|Any CPU
		{2AE00C65-E72F-4F95-9554-55E9B7D1A519}.Debug|x64.Build.0 = Debug|Any CPU
		{2AE00C65-E72F-4F95-9554-55E9B7D1A519}.Debug|x86.ActiveCfg = Debug|Any CPU
		{2AE00C65-E72F-4F95-9554-55E9B7D1A519}.Debug|x86.Build.0 = Debug|Any CPU
		{2AE00C65-E72F-4F95-9554-55E9B7D1A519}.Release|Any CPU.ActiveCfg = Release|Any CPU
		{2AE00C65-E72F-4F95-9554-55E9B7D1A519}.Release|Any CPU.Build.0 = Release|Any CPU
		{2AE00C65-E72F-4F95-9554-55E9B7D1A519}.Release|x64.ActiveCfg = Release|Any CPU
		{2AE00C65-E72F-4F95-9554-55E9B7D1A519}.Release|x64.Build.0 = Release|Any CPU
		{2AE00C65-E72F-4F95-9554-55E9B7D1A519}.Release|x86.ActiveCfg = Release|Any CPU
		{2AE00C65-E72F-4F95-9554-55E9B7D1A519}.Release|x86.Build.0 = Release|Any CPU
		{3D14D687-1776-4357-9D93-8513F33E47D0}.Debug|Any CPU.ActiveCfg = Debug|Any CPU
		{3D14D687-1776-4357-9D93-8513F33E47D0}.Debug|Any CPU.Build.0 = Debug|Any CPU
		{3D14D687-1776-4357-9D93-8513F33E47D0}.Debug|x64.ActiveCfg = Debug|Any CPU
		{3D14D687-1776-4357-9D93-8513F33E47D0}.Debug|x64.Build.0 = Debug|Any CPU
		{3D14D687-1776-4357-9D93-8513F33E47D0}.Debug|x86.ActiveCfg = Debug|Any CPU
		{3D14D687-1776-4357-9D93-8513F33E47D0}.Debug|x86.Build.0 = Debug|Any CPU
		{3D14D687-1776-4357-9D93-8513F33E47D0}.Release|Any CPU.ActiveCfg = Release|Any CPU
		{3D14D687-1776-4357-9D93-8513F33E47D0}.Release|Any CPU.Build.0 = Release|Any CPU
		{3D14D687-1776-4357-9D93-8513F33E47D0}.Release|x64.ActiveCfg = Release|Any CPU
		{3D14D687-1776-4357-9D93-8513F33E47D0}.Release|x64.Build.0 = Release|Any CPU
		{3D14D687-1776-4357-9D93-8513F33E47D0}.Release|x86.ActiveCfg = Release|Any CPU
		{3D14D687-1776-4357-9D93-8513F33E47D0}.Release|x86.Build.0 = Release|Any CPU
		{A52C1084-C382-46DD-8978-02336EF16B1A}.Debug|Any CPU.ActiveCfg = Debug|Any CPU
		{A52C1084-C382-46DD-8978-02336EF16B1A}.Debug|Any CPU.Build.0 = Debug|Any CPU
		{A52C1084-C382-46DD-8978-02336EF16B1A}.Debug|x64.ActiveCfg = Debug|Any CPU
		{A52C1084-C382-46DD-8978-02336EF16B1A}.Debug|x64.Build.0 = Debug|Any CPU
		{A52C1084-C382-46DD-8978-02336EF16B1A}.Debug|x86.ActiveCfg = Debug|Any CPU
		{A52C1084-C382-46DD-8978-02336EF16B1A}.Debug|x86.Build.0 = Debug|Any CPU
		{A52C1084-C382-46DD-8978-02336EF16B1A}.Release|Any CPU.ActiveCfg = Release|Any CPU
		{A52C1084-C382-46DD-8978-02336EF16B1A}.Release|Any CPU.Build.0 = Release|Any CPU
		{A52C1084-C382-46DD-8978-02336EF16B1A}.Release|x64.ActiveCfg = Release|Any CPU
		{A52C1084-C382-46DD-8978-02336EF16B1A}.Release|x64.Build.0 = Release|Any CPU
		{A52C1084-C382-46DD-8978-02336EF16B1A}.Release|x86.ActiveCfg = Release|Any CPU
		{A52C1084-C382-46DD-8978-02336EF16B1A}.Release|x86.Build.0 = Release|Any CPU
		{7BF5E459-D6B6-45C5-8EFB-6CCCB9467ADC}.Debug|Any CPU.ActiveCfg = Debug|Any CPU
		{7BF5E459-D6B6-45C5-8EFB-6CCCB9467ADC}.Debug|Any CPU.Build.0 = Debug|Any CPU
		{7BF5E459-D6B6-45C5-8EFB-6CCCB9467ADC}.Debug|x64.ActiveCfg = Debug|Any CPU
		{7BF5E459-D6B6-45C5-8EFB-6CCCB9467ADC}.Debug|x64.Build.0 = Debug|Any CPU
		{7BF5E459-D6B6-45C5-8EFB-6CCCB9467ADC}.Debug|x86.ActiveCfg = Debug|Any CPU
		{7BF5E459-D6B6-45C5-8EFB-6CCCB9467ADC}.Debug|x86.Build.0 = Debug|Any CPU
		{7BF5E459-D6B6-45C5-8EFB-6CCCB9467ADC}.Release|Any CPU.ActiveCfg = Release|Any CPU
		{7BF5E459-D6B6-45C5-8EFB-6CCCB9467ADC}.Release|Any CPU.Build.0 = Release|Any CPU
		{7BF5E459-D6B6-45C5-8EFB-6CCCB9467ADC}.Release|x64.ActiveCfg = Release|Any CPU
		{7BF5E459-D6B6-45C5-8EFB-6CCCB9467ADC}.Release|x64.Build.0 = Release|Any CPU
		{7BF5E459-D6B6-45C5-8EFB-6CCCB9467ADC}.Release|x86.ActiveCfg = Release|Any CPU
		{7BF5E459-D6B6-45C5-8EFB-6CCCB9467ADC}.Release|x86.Build.0 = Release|Any CPU
		{75E8302C-319C-4878-89EA-5D9EF1CFC91E}.Debug|Any CPU.ActiveCfg = Debug|Any CPU
		{75E8302C-319C-4878-89EA-5D9EF1CFC91E}.Debug|Any CPU.Build.0 = Debug|Any CPU
		{75E8302C-319C-4878-89EA-5D9EF1CFC91E}.Debug|x64.ActiveCfg = Debug|Any CPU
		{75E8302C-319C-4878-89EA-5D9EF1CFC91E}.Debug|x64.Build.0 = Debug|Any CPU
		{75E8302C-319C-4878-89EA-5D9EF1CFC91E}.Debug|x86.ActiveCfg = Debug|Any CPU
		{75E8302C-319C-4878-89EA-5D9EF1CFC91E}.Debug|x86.Build.0 = Debug|Any CPU
		{75E8302C-319C-4878-89EA-5D9EF1CFC91E}.Release|Any CPU.ActiveCfg = Release|Any CPU
		{75E8302C-319C-4878-89EA-5D9EF1CFC91E}.Release|Any CPU.Build.0 = Release|Any CPU
		{75E8302C-319C-4878-89EA-5D9EF1CFC91E}.Release|x64.ActiveCfg = Release|Any CPU
		{75E8302C-319C-4878-89EA-5D9EF1CFC91E}.Release|x64.Build.0 = Release|Any CPU
		{75E8302C-319C-4878-89EA-5D9EF1CFC91E}.Release|x86.ActiveCfg = Release|Any CPU
		{75E8302C-319C-4878-89EA-5D9EF1CFC91E}.Release|x86.Build.0 = Release|Any CPU
		{627A87BA-75B9-4C2E-861E-02880CA04295}.Debug|Any CPU.ActiveCfg = Debug|Any CPU
		{627A87BA-75B9-4C2E-861E-02880CA04295}.Debug|Any CPU.Build.0 = Debug|Any CPU
		{627A87BA-75B9-4C2E-861E-02880CA04295}.Debug|x64.ActiveCfg = Debug|Any CPU
		{627A87BA-75B9-4C2E-861E-02880CA04295}.Debug|x64.Build.0 = Debug|Any CPU
		{627A87BA-75B9-4C2E-861E-02880CA04295}.Debug|x86.ActiveCfg = Debug|Any CPU
		{627A87BA-75B9-4C2E-861E-02880CA04295}.Debug|x86.Build.0 = Debug|Any CPU
		{627A87BA-75B9-4C2E-861E-02880CA04295}.Release|Any CPU.ActiveCfg = Release|Any CPU
		{627A87BA-75B9-4C2E-861E-02880CA04295}.Release|Any CPU.Build.0 = Release|Any CPU
		{627A87BA-75B9-4C2E-861E-02880CA04295}.Release|x64.ActiveCfg = Release|Any CPU
		{627A87BA-75B9-4C2E-861E-02880CA04295}.Release|x64.Build.0 = Release|Any CPU
		{627A87BA-75B9-4C2E-861E-02880CA04295}.Release|x86.ActiveCfg = Release|Any CPU
		{627A87BA-75B9-4C2E-861E-02880CA04295}.Release|x86.Build.0 = Release|Any CPU
		{E377BDF8-0115-4235-904A-60002F8A3ECC}.Debug|Any CPU.ActiveCfg = Debug|Any CPU
		{E377BDF8-0115-4235-904A-60002F8A3ECC}.Debug|Any CPU.Build.0 = Debug|Any CPU
		{E377BDF8-0115-4235-904A-60002F8A3ECC}.Debug|x64.ActiveCfg = Debug|Any CPU
		{E377BDF8-0115-4235-904A-60002F8A3ECC}.Debug|x64.Build.0 = Debug|Any CPU
		{E377BDF8-0115-4235-904A-60002F8A3ECC}.Debug|x86.ActiveCfg = Debug|Any CPU
		{E377BDF8-0115-4235-904A-60002F8A3ECC}.Debug|x86.Build.0 = Debug|Any CPU
		{E377BDF8-0115-4235-904A-60002F8A3ECC}.Release|Any CPU.ActiveCfg = Release|Any CPU
		{E377BDF8-0115-4235-904A-60002F8A3ECC}.Release|Any CPU.Build.0 = Release|Any CPU
		{E377BDF8-0115-4235-904A-60002F8A3ECC}.Release|x64.ActiveCfg = Release|Any CPU
		{E377BDF8-0115-4235-904A-60002F8A3ECC}.Release|x64.Build.0 = Release|Any CPU
		{E377BDF8-0115-4235-904A-60002F8A3ECC}.Release|x86.ActiveCfg = Release|Any CPU
		{E377BDF8-0115-4235-904A-60002F8A3ECC}.Release|x86.Build.0 = Release|Any CPU
		{1A64D0DD-C55C-42CE-8410-9D04EDD2D7AE}.Debug|Any CPU.ActiveCfg = Debug|Any CPU
		{1A64D0DD-C55C-42CE-8410-9D04EDD2D7AE}.Debug|Any CPU.Build.0 = Debug|Any CPU
		{1A64D0DD-C55C-42CE-8410-9D04EDD2D7AE}.Debug|x64.ActiveCfg = Debug|Any CPU
		{1A64D0DD-C55C-42CE-8410-9D04EDD2D7AE}.Debug|x64.Build.0 = Debug|Any CPU
		{1A64D0DD-C55C-42CE-8410-9D04EDD2D7AE}.Debug|x86.ActiveCfg = Debug|Any CPU
		{1A64D0DD-C55C-42CE-8410-9D04EDD2D7AE}.Debug|x86.Build.0 = Debug|Any CPU
		{1A64D0DD-C55C-42CE-8410-9D04EDD2D7AE}.Release|Any CPU.ActiveCfg = Release|Any CPU
		{1A64D0DD-C55C-42CE-8410-9D04EDD2D7AE}.Release|Any CPU.Build.0 = Release|Any CPU
		{1A64D0DD-C55C-42CE-8410-9D04EDD2D7AE}.Release|x64.ActiveCfg = Release|Any CPU
		{1A64D0DD-C55C-42CE-8410-9D04EDD2D7AE}.Release|x64.Build.0 = Release|Any CPU
		{1A64D0DD-C55C-42CE-8410-9D04EDD2D7AE}.Release|x86.ActiveCfg = Release|Any CPU
		{1A64D0DD-C55C-42CE-8410-9D04EDD2D7AE}.Release|x86.Build.0 = Release|Any CPU
		{3155F55E-47A8-46EF-9F64-1DC1709CBB50}.Debug|Any CPU.ActiveCfg = Debug|Any CPU
		{3155F55E-47A8-46EF-9F64-1DC1709CBB50}.Debug|Any CPU.Build.0 = Debug|Any CPU
		{3155F55E-47A8-46EF-9F64-1DC1709CBB50}.Debug|x64.ActiveCfg = Debug|Any CPU
		{3155F55E-47A8-46EF-9F64-1DC1709CBB50}.Debug|x64.Build.0 = Debug|Any CPU
		{3155F55E-47A8-46EF-9F64-1DC1709CBB50}.Debug|x86.ActiveCfg = Debug|Any CPU
		{3155F55E-47A8-46EF-9F64-1DC1709CBB50}.Debug|x86.Build.0 = Debug|Any CPU
		{3155F55E-47A8-46EF-9F64-1DC1709CBB50}.Release|Any CPU.ActiveCfg = Release|Any CPU
		{3155F55E-47A8-46EF-9F64-1DC1709CBB50}.Release|Any CPU.Build.0 = Release|Any CPU
		{3155F55E-47A8-46EF-9F64-1DC1709CBB50}.Release|x64.ActiveCfg = Release|Any CPU
		{3155F55E-47A8-46EF-9F64-1DC1709CBB50}.Release|x64.Build.0 = Release|Any CPU
		{3155F55E-47A8-46EF-9F64-1DC1709CBB50}.Release|x86.ActiveCfg = Release|Any CPU
		{3155F55E-47A8-46EF-9F64-1DC1709CBB50}.Release|x86.Build.0 = Release|Any CPU
		{DAD23115-0323-4508-BF27-CD6D36E1112B}.Debug|Any CPU.ActiveCfg = Debug|Any CPU
		{DAD23115-0323-4508-BF27-CD6D36E1112B}.Debug|Any CPU.Build.0 = Debug|Any CPU
		{DAD23115-0323-4508-BF27-CD6D36E1112B}.Debug|x64.ActiveCfg = Debug|Any CPU
		{DAD23115-0323-4508-BF27-CD6D36E1112B}.Debug|x64.Build.0 = Debug|Any CPU
		{DAD23115-0323-4508-BF27-CD6D36E1112B}.Debug|x86.ActiveCfg = Debug|Any CPU
		{DAD23115-0323-4508-BF27-CD6D36E1112B}.Debug|x86.Build.0 = Debug|Any CPU
		{DAD23115-0323-4508-BF27-CD6D36E1112B}.Release|Any CPU.ActiveCfg = Release|Any CPU
		{DAD23115-0323-4508-BF27-CD6D36E1112B}.Release|Any CPU.Build.0 = Release|Any CPU
		{DAD23115-0323-4508-BF27-CD6D36E1112B}.Release|x64.ActiveCfg = Release|Any CPU
		{DAD23115-0323-4508-BF27-CD6D36E1112B}.Release|x64.Build.0 = Release|Any CPU
		{DAD23115-0323-4508-BF27-CD6D36E1112B}.Release|x86.ActiveCfg = Release|Any CPU
		{DAD23115-0323-4508-BF27-CD6D36E1112B}.Release|x86.Build.0 = Release|Any CPU
		{50ED8556-9202-4ED9-91AB-DA61CEC30808}.Debug|Any CPU.ActiveCfg = Debug|Any CPU
		{50ED8556-9202-4ED9-91AB-DA61CEC30808}.Debug|Any CPU.Build.0 = Debug|Any CPU
		{50ED8556-9202-4ED9-91AB-DA61CEC30808}.Debug|x64.ActiveCfg = Debug|Any CPU
		{50ED8556-9202-4ED9-91AB-DA61CEC30808}.Debug|x64.Build.0 = Debug|Any CPU
		{50ED8556-9202-4ED9-91AB-DA61CEC30808}.Debug|x86.ActiveCfg = Debug|Any CPU
		{50ED8556-9202-4ED9-91AB-DA61CEC30808}.Debug|x86.Build.0 = Debug|Any CPU
		{50ED8556-9202-4ED9-91AB-DA61CEC30808}.Release|Any CPU.ActiveCfg = Release|Any CPU
		{50ED8556-9202-4ED9-91AB-DA61CEC30808}.Release|Any CPU.Build.0 = Release|Any CPU
		{50ED8556-9202-4ED9-91AB-DA61CEC30808}.Release|x64.ActiveCfg = Release|Any CPU
		{50ED8556-9202-4ED9-91AB-DA61CEC30808}.Release|x64.Build.0 = Release|Any CPU
		{50ED8556-9202-4ED9-91AB-DA61CEC30808}.Release|x86.ActiveCfg = Release|Any CPU
		{50ED8556-9202-4ED9-91AB-DA61CEC30808}.Release|x86.Build.0 = Release|Any CPU
		{D2D04C6C-F7F1-4D67-B182-7C6A8668242D}.Debug|Any CPU.ActiveCfg = Debug|Any CPU
		{D2D04C6C-F7F1-4D67-B182-7C6A8668242D}.Debug|Any CPU.Build.0 = Debug|Any CPU
		{D2D04C6C-F7F1-4D67-B182-7C6A8668242D}.Debug|x64.ActiveCfg = Debug|Any CPU
		{D2D04C6C-F7F1-4D67-B182-7C6A8668242D}.Debug|x64.Build.0 = Debug|Any CPU
		{D2D04C6C-F7F1-4D67-B182-7C6A8668242D}.Debug|x86.ActiveCfg = Debug|Any CPU
		{D2D04C6C-F7F1-4D67-B182-7C6A8668242D}.Debug|x86.Build.0 = Debug|Any CPU
		{D2D04C6C-F7F1-4D67-B182-7C6A8668242D}.Release|Any CPU.ActiveCfg = Release|Any CPU
		{D2D04C6C-F7F1-4D67-B182-7C6A8668242D}.Release|Any CPU.Build.0 = Release|Any CPU
		{D2D04C6C-F7F1-4D67-B182-7C6A8668242D}.Release|x64.ActiveCfg = Release|Any CPU
		{D2D04C6C-F7F1-4D67-B182-7C6A8668242D}.Release|x64.Build.0 = Release|Any CPU
		{D2D04C6C-F7F1-4D67-B182-7C6A8668242D}.Release|x86.ActiveCfg = Release|Any CPU
		{D2D04C6C-F7F1-4D67-B182-7C6A8668242D}.Release|x86.Build.0 = Release|Any CPU
		{1D682D0E-2D07-4B9F-9F37-825D03A354DB}.Debug|Any CPU.ActiveCfg = Debug|Any CPU
		{1D682D0E-2D07-4B9F-9F37-825D03A354DB}.Debug|Any CPU.Build.0 = Debug|Any CPU
		{1D682D0E-2D07-4B9F-9F37-825D03A354DB}.Debug|x64.ActiveCfg = Debug|Any CPU
		{1D682D0E-2D07-4B9F-9F37-825D03A354DB}.Debug|x64.Build.0 = Debug|Any CPU
		{1D682D0E-2D07-4B9F-9F37-825D03A354DB}.Debug|x86.ActiveCfg = Debug|Any CPU
		{1D682D0E-2D07-4B9F-9F37-825D03A354DB}.Debug|x86.Build.0 = Debug|Any CPU
		{1D682D0E-2D07-4B9F-9F37-825D03A354DB}.Release|Any CPU.ActiveCfg = Release|Any CPU
		{1D682D0E-2D07-4B9F-9F37-825D03A354DB}.Release|Any CPU.Build.0 = Release|Any CPU
		{1D682D0E-2D07-4B9F-9F37-825D03A354DB}.Release|x64.ActiveCfg = Release|Any CPU
		{1D682D0E-2D07-4B9F-9F37-825D03A354DB}.Release|x64.Build.0 = Release|Any CPU
		{1D682D0E-2D07-4B9F-9F37-825D03A354DB}.Release|x86.ActiveCfg = Release|Any CPU
		{1D682D0E-2D07-4B9F-9F37-825D03A354DB}.Release|x86.Build.0 = Release|Any CPU
		{D899ECA0-DFA1-4200-9ED6-5D0A05F47279}.Debug|Any CPU.ActiveCfg = Debug|Any CPU
		{D899ECA0-DFA1-4200-9ED6-5D0A05F47279}.Debug|Any CPU.Build.0 = Debug|Any CPU
		{D899ECA0-DFA1-4200-9ED6-5D0A05F47279}.Debug|x64.ActiveCfg = Debug|Any CPU
		{D899ECA0-DFA1-4200-9ED6-5D0A05F47279}.Debug|x64.Build.0 = Debug|Any CPU
		{D899ECA0-DFA1-4200-9ED6-5D0A05F47279}.Debug|x86.ActiveCfg = Debug|Any CPU
		{D899ECA0-DFA1-4200-9ED6-5D0A05F47279}.Debug|x86.Build.0 = Debug|Any CPU
		{D899ECA0-DFA1-4200-9ED6-5D0A05F47279}.Release|Any CPU.ActiveCfg = Release|Any CPU
		{D899ECA0-DFA1-4200-9ED6-5D0A05F47279}.Release|Any CPU.Build.0 = Release|Any CPU
		{D899ECA0-DFA1-4200-9ED6-5D0A05F47279}.Release|x64.ActiveCfg = Release|Any CPU
		{D899ECA0-DFA1-4200-9ED6-5D0A05F47279}.Release|x64.Build.0 = Release|Any CPU
		{D899ECA0-DFA1-4200-9ED6-5D0A05F47279}.Release|x86.ActiveCfg = Release|Any CPU
		{D899ECA0-DFA1-4200-9ED6-5D0A05F47279}.Release|x86.Build.0 = Release|Any CPU
		{054AAB3A-DA4E-4750-93D0-3E0314EA6F09}.Debug|Any CPU.ActiveCfg = Debug|Any CPU
		{054AAB3A-DA4E-4750-93D0-3E0314EA6F09}.Debug|Any CPU.Build.0 = Debug|Any CPU
		{054AAB3A-DA4E-4750-93D0-3E0314EA6F09}.Debug|x64.ActiveCfg = Debug|Any CPU
		{054AAB3A-DA4E-4750-93D0-3E0314EA6F09}.Debug|x64.Build.0 = Debug|Any CPU
		{054AAB3A-DA4E-4750-93D0-3E0314EA6F09}.Debug|x86.ActiveCfg = Debug|Any CPU
		{054AAB3A-DA4E-4750-93D0-3E0314EA6F09}.Debug|x86.Build.0 = Debug|Any CPU
		{054AAB3A-DA4E-4750-93D0-3E0314EA6F09}.Release|Any CPU.ActiveCfg = Release|Any CPU
		{054AAB3A-DA4E-4750-93D0-3E0314EA6F09}.Release|Any CPU.Build.0 = Release|Any CPU
		{054AAB3A-DA4E-4750-93D0-3E0314EA6F09}.Release|x64.ActiveCfg = Release|Any CPU
		{054AAB3A-DA4E-4750-93D0-3E0314EA6F09}.Release|x64.Build.0 = Release|Any CPU
		{054AAB3A-DA4E-4750-93D0-3E0314EA6F09}.Release|x86.ActiveCfg = Release|Any CPU
		{054AAB3A-DA4E-4750-93D0-3E0314EA6F09}.Release|x86.Build.0 = Release|Any CPU
		{79B5A55F-4AC6-46BA-829B-00A3ACE540D8}.Debug|Any CPU.ActiveCfg = Debug|Any CPU
		{79B5A55F-4AC6-46BA-829B-00A3ACE540D8}.Debug|Any CPU.Build.0 = Debug|Any CPU
		{79B5A55F-4AC6-46BA-829B-00A3ACE540D8}.Debug|x64.ActiveCfg = Debug|Any CPU
		{79B5A55F-4AC6-46BA-829B-00A3ACE540D8}.Debug|x64.Build.0 = Debug|Any CPU
		{79B5A55F-4AC6-46BA-829B-00A3ACE540D8}.Debug|x86.ActiveCfg = Debug|Any CPU
		{79B5A55F-4AC6-46BA-829B-00A3ACE540D8}.Debug|x86.Build.0 = Debug|Any CPU
		{79B5A55F-4AC6-46BA-829B-00A3ACE540D8}.Release|Any CPU.ActiveCfg = Release|Any CPU
		{79B5A55F-4AC6-46BA-829B-00A3ACE540D8}.Release|Any CPU.Build.0 = Release|Any CPU
		{79B5A55F-4AC6-46BA-829B-00A3ACE540D8}.Release|x64.ActiveCfg = Release|Any CPU
		{79B5A55F-4AC6-46BA-829B-00A3ACE540D8}.Release|x64.Build.0 = Release|Any CPU
		{79B5A55F-4AC6-46BA-829B-00A3ACE540D8}.Release|x86.ActiveCfg = Release|Any CPU
		{79B5A55F-4AC6-46BA-829B-00A3ACE540D8}.Release|x86.Build.0 = Release|Any CPU
		{A762EA81-6ECD-4DDD-B073-AC00BA4521CD}.Debug|Any CPU.ActiveCfg = Debug|Any CPU
		{A762EA81-6ECD-4DDD-B073-AC00BA4521CD}.Debug|Any CPU.Build.0 = Debug|Any CPU
		{A762EA81-6ECD-4DDD-B073-AC00BA4521CD}.Debug|x64.ActiveCfg = Debug|Any CPU
		{A762EA81-6ECD-4DDD-B073-AC00BA4521CD}.Debug|x64.Build.0 = Debug|Any CPU
		{A762EA81-6ECD-4DDD-B073-AC00BA4521CD}.Debug|x86.ActiveCfg = Debug|Any CPU
		{A762EA81-6ECD-4DDD-B073-AC00BA4521CD}.Debug|x86.Build.0 = Debug|Any CPU
		{A762EA81-6ECD-4DDD-B073-AC00BA4521CD}.Release|Any CPU.ActiveCfg = Release|Any CPU
		{A762EA81-6ECD-4DDD-B073-AC00BA4521CD}.Release|Any CPU.Build.0 = Release|Any CPU
		{A762EA81-6ECD-4DDD-B073-AC00BA4521CD}.Release|x64.ActiveCfg = Release|Any CPU
		{A762EA81-6ECD-4DDD-B073-AC00BA4521CD}.Release|x64.Build.0 = Release|Any CPU
		{A762EA81-6ECD-4DDD-B073-AC00BA4521CD}.Release|x86.ActiveCfg = Release|Any CPU
		{A762EA81-6ECD-4DDD-B073-AC00BA4521CD}.Release|x86.Build.0 = Release|Any CPU
		{416F775A-A2E1-4063-9054-74FBEF458077}.Debug|Any CPU.ActiveCfg = Debug|Any CPU
		{416F775A-A2E1-4063-9054-74FBEF458077}.Debug|Any CPU.Build.0 = Debug|Any CPU
		{416F775A-A2E1-4063-9054-74FBEF458077}.Debug|x64.ActiveCfg = Debug|Any CPU
		{416F775A-A2E1-4063-9054-74FBEF458077}.Debug|x64.Build.0 = Debug|Any CPU
		{416F775A-A2E1-4063-9054-74FBEF458077}.Debug|x86.ActiveCfg = Debug|Any CPU
		{416F775A-A2E1-4063-9054-74FBEF458077}.Debug|x86.Build.0 = Debug|Any CPU
		{416F775A-A2E1-4063-9054-74FBEF458077}.Release|Any CPU.ActiveCfg = Release|Any CPU
		{416F775A-A2E1-4063-9054-74FBEF458077}.Release|Any CPU.Build.0 = Release|Any CPU
		{416F775A-A2E1-4063-9054-74FBEF458077}.Release|x64.ActiveCfg = Release|Any CPU
		{416F775A-A2E1-4063-9054-74FBEF458077}.Release|x64.Build.0 = Release|Any CPU
		{416F775A-A2E1-4063-9054-74FBEF458077}.Release|x86.ActiveCfg = Release|Any CPU
		{416F775A-A2E1-4063-9054-74FBEF458077}.Release|x86.Build.0 = Release|Any CPU
		{E1BCD6FE-A640-4318-B965-14578C32E31D}.Debug|Any CPU.ActiveCfg = Debug|Any CPU
		{E1BCD6FE-A640-4318-B965-14578C32E31D}.Debug|Any CPU.Build.0 = Debug|Any CPU
		{E1BCD6FE-A640-4318-B965-14578C32E31D}.Debug|x64.ActiveCfg = Debug|Any CPU
		{E1BCD6FE-A640-4318-B965-14578C32E31D}.Debug|x64.Build.0 = Debug|Any CPU
		{E1BCD6FE-A640-4318-B965-14578C32E31D}.Debug|x86.ActiveCfg = Debug|Any CPU
		{E1BCD6FE-A640-4318-B965-14578C32E31D}.Debug|x86.Build.0 = Debug|Any CPU
		{E1BCD6FE-A640-4318-B965-14578C32E31D}.Release|Any CPU.ActiveCfg = Release|Any CPU
		{E1BCD6FE-A640-4318-B965-14578C32E31D}.Release|Any CPU.Build.0 = Release|Any CPU
		{E1BCD6FE-A640-4318-B965-14578C32E31D}.Release|x64.ActiveCfg = Release|Any CPU
		{E1BCD6FE-A640-4318-B965-14578C32E31D}.Release|x64.Build.0 = Release|Any CPU
		{E1BCD6FE-A640-4318-B965-14578C32E31D}.Release|x86.ActiveCfg = Release|Any CPU
		{E1BCD6FE-A640-4318-B965-14578C32E31D}.Release|x86.Build.0 = Release|Any CPU
		{FCCE0ECF-497E-4A55-94E4-B1C5EF371AAF}.Debug|Any CPU.ActiveCfg = Debug|Any CPU
		{FCCE0ECF-497E-4A55-94E4-B1C5EF371AAF}.Debug|Any CPU.Build.0 = Debug|Any CPU
		{FCCE0ECF-497E-4A55-94E4-B1C5EF371AAF}.Debug|x64.ActiveCfg = Debug|Any CPU
		{FCCE0ECF-497E-4A55-94E4-B1C5EF371AAF}.Debug|x64.Build.0 = Debug|Any CPU
		{FCCE0ECF-497E-4A55-94E4-B1C5EF371AAF}.Debug|x86.ActiveCfg = Debug|Any CPU
		{FCCE0ECF-497E-4A55-94E4-B1C5EF371AAF}.Debug|x86.Build.0 = Debug|Any CPU
		{FCCE0ECF-497E-4A55-94E4-B1C5EF371AAF}.Release|Any CPU.ActiveCfg = Release|Any CPU
		{FCCE0ECF-497E-4A55-94E4-B1C5EF371AAF}.Release|Any CPU.Build.0 = Release|Any CPU
		{FCCE0ECF-497E-4A55-94E4-B1C5EF371AAF}.Release|x64.ActiveCfg = Release|Any CPU
		{FCCE0ECF-497E-4A55-94E4-B1C5EF371AAF}.Release|x64.Build.0 = Release|Any CPU
		{FCCE0ECF-497E-4A55-94E4-B1C5EF371AAF}.Release|x86.ActiveCfg = Release|Any CPU
		{FCCE0ECF-497E-4A55-94E4-B1C5EF371AAF}.Release|x86.Build.0 = Release|Any CPU
		{277122E2-FF4E-41BF-BF04-A41CACDBD1E0}.Debug|Any CPU.ActiveCfg = Debug|Any CPU
		{277122E2-FF4E-41BF-BF04-A41CACDBD1E0}.Debug|Any CPU.Build.0 = Debug|Any CPU
		{277122E2-FF4E-41BF-BF04-A41CACDBD1E0}.Debug|x64.ActiveCfg = Debug|Any CPU
		{277122E2-FF4E-41BF-BF04-A41CACDBD1E0}.Debug|x64.Build.0 = Debug|Any CPU
		{277122E2-FF4E-41BF-BF04-A41CACDBD1E0}.Debug|x86.ActiveCfg = Debug|Any CPU
		{277122E2-FF4E-41BF-BF04-A41CACDBD1E0}.Debug|x86.Build.0 = Debug|Any CPU
		{277122E2-FF4E-41BF-BF04-A41CACDBD1E0}.Release|Any CPU.ActiveCfg = Release|Any CPU
		{277122E2-FF4E-41BF-BF04-A41CACDBD1E0}.Release|Any CPU.Build.0 = Release|Any CPU
		{277122E2-FF4E-41BF-BF04-A41CACDBD1E0}.Release|x64.ActiveCfg = Release|Any CPU
		{277122E2-FF4E-41BF-BF04-A41CACDBD1E0}.Release|x64.Build.0 = Release|Any CPU
		{277122E2-FF4E-41BF-BF04-A41CACDBD1E0}.Release|x86.ActiveCfg = Release|Any CPU
		{277122E2-FF4E-41BF-BF04-A41CACDBD1E0}.Release|x86.Build.0 = Release|Any CPU
		{1A60DB31-795B-4645-A450-E8B977055B7B}.Debug|Any CPU.ActiveCfg = Debug|Any CPU
		{1A60DB31-795B-4645-A450-E8B977055B7B}.Debug|Any CPU.Build.0 = Debug|Any CPU
		{1A60DB31-795B-4645-A450-E8B977055B7B}.Debug|x64.ActiveCfg = Debug|Any CPU
		{1A60DB31-795B-4645-A450-E8B977055B7B}.Debug|x64.Build.0 = Debug|Any CPU
		{1A60DB31-795B-4645-A450-E8B977055B7B}.Debug|x86.ActiveCfg = Debug|Any CPU
		{1A60DB31-795B-4645-A450-E8B977055B7B}.Debug|x86.Build.0 = Debug|Any CPU
		{1A60DB31-795B-4645-A450-E8B977055B7B}.Release|Any CPU.ActiveCfg = Release|Any CPU
		{1A60DB31-795B-4645-A450-E8B977055B7B}.Release|Any CPU.Build.0 = Release|Any CPU
		{1A60DB31-795B-4645-A450-E8B977055B7B}.Release|x64.ActiveCfg = Release|Any CPU
		{1A60DB31-795B-4645-A450-E8B977055B7B}.Release|x64.Build.0 = Release|Any CPU
		{1A60DB31-795B-4645-A450-E8B977055B7B}.Release|x86.ActiveCfg = Release|Any CPU
		{1A60DB31-795B-4645-A450-E8B977055B7B}.Release|x86.Build.0 = Release|Any CPU
		{BF3328FC-632B-44E2-87C5-3D33BB7404A4}.Debug|Any CPU.ActiveCfg = Debug|Any CPU
		{BF3328FC-632B-44E2-87C5-3D33BB7404A4}.Debug|Any CPU.Build.0 = Debug|Any CPU
		{BF3328FC-632B-44E2-87C5-3D33BB7404A4}.Debug|x64.ActiveCfg = Debug|Any CPU
		{BF3328FC-632B-44E2-87C5-3D33BB7404A4}.Debug|x64.Build.0 = Debug|Any CPU
		{BF3328FC-632B-44E2-87C5-3D33BB7404A4}.Debug|x86.ActiveCfg = Debug|Any CPU
		{BF3328FC-632B-44E2-87C5-3D33BB7404A4}.Debug|x86.Build.0 = Debug|Any CPU
		{BF3328FC-632B-44E2-87C5-3D33BB7404A4}.Release|Any CPU.ActiveCfg = Release|Any CPU
		{BF3328FC-632B-44E2-87C5-3D33BB7404A4}.Release|Any CPU.Build.0 = Release|Any CPU
		{BF3328FC-632B-44E2-87C5-3D33BB7404A4}.Release|x64.ActiveCfg = Release|Any CPU
		{BF3328FC-632B-44E2-87C5-3D33BB7404A4}.Release|x64.Build.0 = Release|Any CPU
		{BF3328FC-632B-44E2-87C5-3D33BB7404A4}.Release|x86.ActiveCfg = Release|Any CPU
		{BF3328FC-632B-44E2-87C5-3D33BB7404A4}.Release|x86.Build.0 = Release|Any CPU
		{AFB73DAC-1621-4601-8A22-B9481E7155AD}.Debug|Any CPU.ActiveCfg = Debug|Any CPU
		{AFB73DAC-1621-4601-8A22-B9481E7155AD}.Debug|Any CPU.Build.0 = Debug|Any CPU
		{AFB73DAC-1621-4601-8A22-B9481E7155AD}.Debug|x64.ActiveCfg = Debug|Any CPU
		{AFB73DAC-1621-4601-8A22-B9481E7155AD}.Debug|x64.Build.0 = Debug|Any CPU
		{AFB73DAC-1621-4601-8A22-B9481E7155AD}.Debug|x86.ActiveCfg = Debug|Any CPU
		{AFB73DAC-1621-4601-8A22-B9481E7155AD}.Debug|x86.Build.0 = Debug|Any CPU
		{AFB73DAC-1621-4601-8A22-B9481E7155AD}.Release|Any CPU.ActiveCfg = Release|Any CPU
		{AFB73DAC-1621-4601-8A22-B9481E7155AD}.Release|Any CPU.Build.0 = Release|Any CPU
		{AFB73DAC-1621-4601-8A22-B9481E7155AD}.Release|x64.ActiveCfg = Release|Any CPU
		{AFB73DAC-1621-4601-8A22-B9481E7155AD}.Release|x64.Build.0 = Release|Any CPU
		{AFB73DAC-1621-4601-8A22-B9481E7155AD}.Release|x86.ActiveCfg = Release|Any CPU
		{AFB73DAC-1621-4601-8A22-B9481E7155AD}.Release|x86.Build.0 = Release|Any CPU
		{278F5827-4269-417A-804F-98A1D17F643E}.Debug|Any CPU.ActiveCfg = Debug|Any CPU
		{278F5827-4269-417A-804F-98A1D17F643E}.Debug|Any CPU.Build.0 = Debug|Any CPU
		{278F5827-4269-417A-804F-98A1D17F643E}.Debug|x64.ActiveCfg = Debug|Any CPU
		{278F5827-4269-417A-804F-98A1D17F643E}.Debug|x64.Build.0 = Debug|Any CPU
		{278F5827-4269-417A-804F-98A1D17F643E}.Debug|x86.ActiveCfg = Debug|Any CPU
		{278F5827-4269-417A-804F-98A1D17F643E}.Debug|x86.Build.0 = Debug|Any CPU
		{278F5827-4269-417A-804F-98A1D17F643E}.Release|Any CPU.ActiveCfg = Release|Any CPU
		{278F5827-4269-417A-804F-98A1D17F643E}.Release|Any CPU.Build.0 = Release|Any CPU
		{278F5827-4269-417A-804F-98A1D17F643E}.Release|x64.ActiveCfg = Release|Any CPU
		{278F5827-4269-417A-804F-98A1D17F643E}.Release|x64.Build.0 = Release|Any CPU
		{278F5827-4269-417A-804F-98A1D17F643E}.Release|x86.ActiveCfg = Release|Any CPU
		{278F5827-4269-417A-804F-98A1D17F643E}.Release|x86.Build.0 = Release|Any CPU
		{D6B12FAD-51C6-45DD-90AF-86DB54F3109C}.Debug|Any CPU.ActiveCfg = Debug|Any CPU
		{D6B12FAD-51C6-45DD-90AF-86DB54F3109C}.Debug|Any CPU.Build.0 = Debug|Any CPU
		{D6B12FAD-51C6-45DD-90AF-86DB54F3109C}.Debug|x64.ActiveCfg = Debug|Any CPU
		{D6B12FAD-51C6-45DD-90AF-86DB54F3109C}.Debug|x64.Build.0 = Debug|Any CPU
		{D6B12FAD-51C6-45DD-90AF-86DB54F3109C}.Debug|x86.ActiveCfg = Debug|Any CPU
		{D6B12FAD-51C6-45DD-90AF-86DB54F3109C}.Debug|x86.Build.0 = Debug|Any CPU
		{D6B12FAD-51C6-45DD-90AF-86DB54F3109C}.Release|Any CPU.ActiveCfg = Release|Any CPU
		{D6B12FAD-51C6-45DD-90AF-86DB54F3109C}.Release|Any CPU.Build.0 = Release|Any CPU
		{D6B12FAD-51C6-45DD-90AF-86DB54F3109C}.Release|x64.ActiveCfg = Release|Any CPU
		{D6B12FAD-51C6-45DD-90AF-86DB54F3109C}.Release|x64.Build.0 = Release|Any CPU
		{D6B12FAD-51C6-45DD-90AF-86DB54F3109C}.Release|x86.ActiveCfg = Release|Any CPU
		{D6B12FAD-51C6-45DD-90AF-86DB54F3109C}.Release|x86.Build.0 = Release|Any CPU
		{79146D00-9690-4717-9E08-FF00B587322C}.Debug|Any CPU.ActiveCfg = Debug|Any CPU
		{79146D00-9690-4717-9E08-FF00B587322C}.Debug|Any CPU.Build.0 = Debug|Any CPU
		{79146D00-9690-4717-9E08-FF00B587322C}.Debug|x64.ActiveCfg = Debug|Any CPU
		{79146D00-9690-4717-9E08-FF00B587322C}.Debug|x64.Build.0 = Debug|Any CPU
		{79146D00-9690-4717-9E08-FF00B587322C}.Debug|x86.ActiveCfg = Debug|Any CPU
		{79146D00-9690-4717-9E08-FF00B587322C}.Debug|x86.Build.0 = Debug|Any CPU
		{79146D00-9690-4717-9E08-FF00B587322C}.Release|Any CPU.ActiveCfg = Release|Any CPU
		{79146D00-9690-4717-9E08-FF00B587322C}.Release|Any CPU.Build.0 = Release|Any CPU
		{79146D00-9690-4717-9E08-FF00B587322C}.Release|x64.ActiveCfg = Release|Any CPU
		{79146D00-9690-4717-9E08-FF00B587322C}.Release|x64.Build.0 = Release|Any CPU
		{79146D00-9690-4717-9E08-FF00B587322C}.Release|x86.ActiveCfg = Release|Any CPU
		{79146D00-9690-4717-9E08-FF00B587322C}.Release|x86.Build.0 = Release|Any CPU
		{C1CA774E-6BB6-4BD1-A4F1-1B20E7ACD6DE}.Debug|Any CPU.ActiveCfg = Debug|Any CPU
		{C1CA774E-6BB6-4BD1-A4F1-1B20E7ACD6DE}.Debug|Any CPU.Build.0 = Debug|Any CPU
		{C1CA774E-6BB6-4BD1-A4F1-1B20E7ACD6DE}.Debug|x64.ActiveCfg = Debug|Any CPU
		{C1CA774E-6BB6-4BD1-A4F1-1B20E7ACD6DE}.Debug|x64.Build.0 = Debug|Any CPU
		{C1CA774E-6BB6-4BD1-A4F1-1B20E7ACD6DE}.Debug|x86.ActiveCfg = Debug|Any CPU
		{C1CA774E-6BB6-4BD1-A4F1-1B20E7ACD6DE}.Debug|x86.Build.0 = Debug|Any CPU
		{C1CA774E-6BB6-4BD1-A4F1-1B20E7ACD6DE}.Release|Any CPU.ActiveCfg = Release|Any CPU
		{C1CA774E-6BB6-4BD1-A4F1-1B20E7ACD6DE}.Release|Any CPU.Build.0 = Release|Any CPU
		{C1CA774E-6BB6-4BD1-A4F1-1B20E7ACD6DE}.Release|x64.ActiveCfg = Release|Any CPU
		{C1CA774E-6BB6-4BD1-A4F1-1B20E7ACD6DE}.Release|x64.Build.0 = Release|Any CPU
		{C1CA774E-6BB6-4BD1-A4F1-1B20E7ACD6DE}.Release|x86.ActiveCfg = Release|Any CPU
		{C1CA774E-6BB6-4BD1-A4F1-1B20E7ACD6DE}.Release|x86.Build.0 = Release|Any CPU
		{9D1DBC42-96F7-4516-8C47-9DD35C6D9AAD}.Debug|Any CPU.ActiveCfg = Debug|Any CPU
		{9D1DBC42-96F7-4516-8C47-9DD35C6D9AAD}.Debug|Any CPU.Build.0 = Debug|Any CPU
		{9D1DBC42-96F7-4516-8C47-9DD35C6D9AAD}.Debug|x64.ActiveCfg = Debug|Any CPU
		{9D1DBC42-96F7-4516-8C47-9DD35C6D9AAD}.Debug|x64.Build.0 = Debug|Any CPU
		{9D1DBC42-96F7-4516-8C47-9DD35C6D9AAD}.Debug|x86.ActiveCfg = Debug|Any CPU
		{9D1DBC42-96F7-4516-8C47-9DD35C6D9AAD}.Debug|x86.Build.0 = Debug|Any CPU
		{9D1DBC42-96F7-4516-8C47-9DD35C6D9AAD}.Release|Any CPU.ActiveCfg = Release|Any CPU
		{9D1DBC42-96F7-4516-8C47-9DD35C6D9AAD}.Release|Any CPU.Build.0 = Release|Any CPU
		{9D1DBC42-96F7-4516-8C47-9DD35C6D9AAD}.Release|x64.ActiveCfg = Release|Any CPU
		{9D1DBC42-96F7-4516-8C47-9DD35C6D9AAD}.Release|x64.Build.0 = Release|Any CPU
		{9D1DBC42-96F7-4516-8C47-9DD35C6D9AAD}.Release|x86.ActiveCfg = Release|Any CPU
		{9D1DBC42-96F7-4516-8C47-9DD35C6D9AAD}.Release|x86.Build.0 = Release|Any CPU
		{E41BA7A2-11C0-4520-B6B0-8023E0FE95B5}.Debug|Any CPU.ActiveCfg = Debug|Any CPU
		{E41BA7A2-11C0-4520-B6B0-8023E0FE95B5}.Debug|Any CPU.Build.0 = Debug|Any CPU
		{E41BA7A2-11C0-4520-B6B0-8023E0FE95B5}.Debug|x64.ActiveCfg = Debug|Any CPU
		{E41BA7A2-11C0-4520-B6B0-8023E0FE95B5}.Debug|x64.Build.0 = Debug|Any CPU
		{E41BA7A2-11C0-4520-B6B0-8023E0FE95B5}.Debug|x86.ActiveCfg = Debug|Any CPU
		{E41BA7A2-11C0-4520-B6B0-8023E0FE95B5}.Debug|x86.Build.0 = Debug|Any CPU
		{E41BA7A2-11C0-4520-B6B0-8023E0FE95B5}.Release|Any CPU.ActiveCfg = Release|Any CPU
		{E41BA7A2-11C0-4520-B6B0-8023E0FE95B5}.Release|Any CPU.Build.0 = Release|Any CPU
		{E41BA7A2-11C0-4520-B6B0-8023E0FE95B5}.Release|x64.ActiveCfg = Release|Any CPU
		{E41BA7A2-11C0-4520-B6B0-8023E0FE95B5}.Release|x64.Build.0 = Release|Any CPU
		{E41BA7A2-11C0-4520-B6B0-8023E0FE95B5}.Release|x86.ActiveCfg = Release|Any CPU
		{E41BA7A2-11C0-4520-B6B0-8023E0FE95B5}.Release|x86.Build.0 = Release|Any CPU
		{32E92CD7-190E-4E9E-8230-1D7E5E19A539}.Debug|Any CPU.ActiveCfg = Debug|Any CPU
		{32E92CD7-190E-4E9E-8230-1D7E5E19A539}.Debug|Any CPU.Build.0 = Debug|Any CPU
		{32E92CD7-190E-4E9E-8230-1D7E5E19A539}.Debug|x64.ActiveCfg = Debug|Any CPU
		{32E92CD7-190E-4E9E-8230-1D7E5E19A539}.Debug|x64.Build.0 = Debug|Any CPU
		{32E92CD7-190E-4E9E-8230-1D7E5E19A539}.Debug|x86.ActiveCfg = Debug|Any CPU
		{32E92CD7-190E-4E9E-8230-1D7E5E19A539}.Debug|x86.Build.0 = Debug|Any CPU
		{32E92CD7-190E-4E9E-8230-1D7E5E19A539}.Release|Any CPU.ActiveCfg = Release|Any CPU
		{32E92CD7-190E-4E9E-8230-1D7E5E19A539}.Release|Any CPU.Build.0 = Release|Any CPU
		{32E92CD7-190E-4E9E-8230-1D7E5E19A539}.Release|x64.ActiveCfg = Release|Any CPU
		{32E92CD7-190E-4E9E-8230-1D7E5E19A539}.Release|x64.Build.0 = Release|Any CPU
		{32E92CD7-190E-4E9E-8230-1D7E5E19A539}.Release|x86.ActiveCfg = Release|Any CPU
		{32E92CD7-190E-4E9E-8230-1D7E5E19A539}.Release|x86.Build.0 = Release|Any CPU
		{4860ADD6-EC91-4DA8-84AC-9882B6210D4D}.Debug|Any CPU.ActiveCfg = Debug|Any CPU
		{4860ADD6-EC91-4DA8-84AC-9882B6210D4D}.Debug|Any CPU.Build.0 = Debug|Any CPU
		{4860ADD6-EC91-4DA8-84AC-9882B6210D4D}.Debug|x64.ActiveCfg = Debug|Any CPU
		{4860ADD6-EC91-4DA8-84AC-9882B6210D4D}.Debug|x64.Build.0 = Debug|Any CPU
		{4860ADD6-EC91-4DA8-84AC-9882B6210D4D}.Debug|x86.ActiveCfg = Debug|Any CPU
		{4860ADD6-EC91-4DA8-84AC-9882B6210D4D}.Debug|x86.Build.0 = Debug|Any CPU
		{4860ADD6-EC91-4DA8-84AC-9882B6210D4D}.Release|Any CPU.ActiveCfg = Release|Any CPU
		{4860ADD6-EC91-4DA8-84AC-9882B6210D4D}.Release|Any CPU.Build.0 = Release|Any CPU
		{4860ADD6-EC91-4DA8-84AC-9882B6210D4D}.Release|x64.ActiveCfg = Release|Any CPU
		{4860ADD6-EC91-4DA8-84AC-9882B6210D4D}.Release|x64.Build.0 = Release|Any CPU
		{4860ADD6-EC91-4DA8-84AC-9882B6210D4D}.Release|x86.ActiveCfg = Release|Any CPU
		{4860ADD6-EC91-4DA8-84AC-9882B6210D4D}.Release|x86.Build.0 = Release|Any CPU
		{29371B76-B563-4A37-8FE6-24CEFE5F1F60}.Debug|Any CPU.ActiveCfg = Debug|Any CPU
		{29371B76-B563-4A37-8FE6-24CEFE5F1F60}.Debug|Any CPU.Build.0 = Debug|Any CPU
		{29371B76-B563-4A37-8FE6-24CEFE5F1F60}.Debug|x64.ActiveCfg = Debug|Any CPU
		{29371B76-B563-4A37-8FE6-24CEFE5F1F60}.Debug|x64.Build.0 = Debug|Any CPU
		{29371B76-B563-4A37-8FE6-24CEFE5F1F60}.Debug|x86.ActiveCfg = Debug|Any CPU
		{29371B76-B563-4A37-8FE6-24CEFE5F1F60}.Debug|x86.Build.0 = Debug|Any CPU
		{29371B76-B563-4A37-8FE6-24CEFE5F1F60}.Release|Any CPU.ActiveCfg = Release|Any CPU
		{29371B76-B563-4A37-8FE6-24CEFE5F1F60}.Release|Any CPU.Build.0 = Release|Any CPU
		{29371B76-B563-4A37-8FE6-24CEFE5F1F60}.Release|x64.ActiveCfg = Release|Any CPU
		{29371B76-B563-4A37-8FE6-24CEFE5F1F60}.Release|x64.Build.0 = Release|Any CPU
		{29371B76-B563-4A37-8FE6-24CEFE5F1F60}.Release|x86.ActiveCfg = Release|Any CPU
		{29371B76-B563-4A37-8FE6-24CEFE5F1F60}.Release|x86.Build.0 = Release|Any CPU
		{0197CBCD-7A5F-4A52-9294-32336B312F9C}.Debug|Any CPU.ActiveCfg = Debug|Any CPU
		{0197CBCD-7A5F-4A52-9294-32336B312F9C}.Debug|Any CPU.Build.0 = Debug|Any CPU
		{0197CBCD-7A5F-4A52-9294-32336B312F9C}.Debug|x64.ActiveCfg = Debug|Any CPU
		{0197CBCD-7A5F-4A52-9294-32336B312F9C}.Debug|x64.Build.0 = Debug|Any CPU
		{0197CBCD-7A5F-4A52-9294-32336B312F9C}.Debug|x86.ActiveCfg = Debug|Any CPU
		{0197CBCD-7A5F-4A52-9294-32336B312F9C}.Debug|x86.Build.0 = Debug|Any CPU
		{0197CBCD-7A5F-4A52-9294-32336B312F9C}.Release|Any CPU.ActiveCfg = Release|Any CPU
		{0197CBCD-7A5F-4A52-9294-32336B312F9C}.Release|Any CPU.Build.0 = Release|Any CPU
		{0197CBCD-7A5F-4A52-9294-32336B312F9C}.Release|x64.ActiveCfg = Release|Any CPU
		{0197CBCD-7A5F-4A52-9294-32336B312F9C}.Release|x64.Build.0 = Release|Any CPU
		{0197CBCD-7A5F-4A52-9294-32336B312F9C}.Release|x86.ActiveCfg = Release|Any CPU
		{0197CBCD-7A5F-4A52-9294-32336B312F9C}.Release|x86.Build.0 = Release|Any CPU
		{442F7B7D-C529-4C17-A6F6-C578CA5C06F5}.Debug|Any CPU.ActiveCfg = Debug|Any CPU
		{442F7B7D-C529-4C17-A6F6-C578CA5C06F5}.Debug|Any CPU.Build.0 = Debug|Any CPU
		{442F7B7D-C529-4C17-A6F6-C578CA5C06F5}.Debug|x64.ActiveCfg = Debug|Any CPU
		{442F7B7D-C529-4C17-A6F6-C578CA5C06F5}.Debug|x64.Build.0 = Debug|Any CPU
		{442F7B7D-C529-4C17-A6F6-C578CA5C06F5}.Debug|x86.ActiveCfg = Debug|Any CPU
		{442F7B7D-C529-4C17-A6F6-C578CA5C06F5}.Debug|x86.Build.0 = Debug|Any CPU
		{442F7B7D-C529-4C17-A6F6-C578CA5C06F5}.Release|Any CPU.ActiveCfg = Release|Any CPU
		{442F7B7D-C529-4C17-A6F6-C578CA5C06F5}.Release|Any CPU.Build.0 = Release|Any CPU
		{442F7B7D-C529-4C17-A6F6-C578CA5C06F5}.Release|x64.ActiveCfg = Release|Any CPU
		{442F7B7D-C529-4C17-A6F6-C578CA5C06F5}.Release|x64.Build.0 = Release|Any CPU
		{442F7B7D-C529-4C17-A6F6-C578CA5C06F5}.Release|x86.ActiveCfg = Release|Any CPU
		{442F7B7D-C529-4C17-A6F6-C578CA5C06F5}.Release|x86.Build.0 = Release|Any CPU
		{899902B6-63DB-4FED-ABC7-9AE35CCE1DB6}.Debug|Any CPU.ActiveCfg = Debug|Any CPU
		{899902B6-63DB-4FED-ABC7-9AE35CCE1DB6}.Debug|Any CPU.Build.0 = Debug|Any CPU
		{899902B6-63DB-4FED-ABC7-9AE35CCE1DB6}.Debug|x64.ActiveCfg = Debug|Any CPU
		{899902B6-63DB-4FED-ABC7-9AE35CCE1DB6}.Debug|x64.Build.0 = Debug|Any CPU
		{899902B6-63DB-4FED-ABC7-9AE35CCE1DB6}.Debug|x86.ActiveCfg = Debug|Any CPU
		{899902B6-63DB-4FED-ABC7-9AE35CCE1DB6}.Debug|x86.Build.0 = Debug|Any CPU
		{899902B6-63DB-4FED-ABC7-9AE35CCE1DB6}.Release|Any CPU.ActiveCfg = Release|Any CPU
		{899902B6-63DB-4FED-ABC7-9AE35CCE1DB6}.Release|Any CPU.Build.0 = Release|Any CPU
		{899902B6-63DB-4FED-ABC7-9AE35CCE1DB6}.Release|x64.ActiveCfg = Release|Any CPU
		{899902B6-63DB-4FED-ABC7-9AE35CCE1DB6}.Release|x64.Build.0 = Release|Any CPU
		{899902B6-63DB-4FED-ABC7-9AE35CCE1DB6}.Release|x86.ActiveCfg = Release|Any CPU
		{899902B6-63DB-4FED-ABC7-9AE35CCE1DB6}.Release|x86.Build.0 = Release|Any CPU
		{621EDEE7-1085-43AA-BD02-0803FFC83377}.Debug|Any CPU.ActiveCfg = Debug|Any CPU
		{621EDEE7-1085-43AA-BD02-0803FFC83377}.Debug|Any CPU.Build.0 = Debug|Any CPU
		{621EDEE7-1085-43AA-BD02-0803FFC83377}.Debug|x64.ActiveCfg = Debug|Any CPU
		{621EDEE7-1085-43AA-BD02-0803FFC83377}.Debug|x64.Build.0 = Debug|Any CPU
		{621EDEE7-1085-43AA-BD02-0803FFC83377}.Debug|x86.ActiveCfg = Debug|Any CPU
		{621EDEE7-1085-43AA-BD02-0803FFC83377}.Debug|x86.Build.0 = Debug|Any CPU
		{621EDEE7-1085-43AA-BD02-0803FFC83377}.Release|Any CPU.ActiveCfg = Release|Any CPU
		{621EDEE7-1085-43AA-BD02-0803FFC83377}.Release|Any CPU.Build.0 = Release|Any CPU
		{621EDEE7-1085-43AA-BD02-0803FFC83377}.Release|x64.ActiveCfg = Release|Any CPU
		{621EDEE7-1085-43AA-BD02-0803FFC83377}.Release|x64.Build.0 = Release|Any CPU
		{621EDEE7-1085-43AA-BD02-0803FFC83377}.Release|x86.ActiveCfg = Release|Any CPU
		{621EDEE7-1085-43AA-BD02-0803FFC83377}.Release|x86.Build.0 = Release|Any CPU
		{8C745FAA-D09E-49B1-87D3-0926ED70A640}.Debug|Any CPU.ActiveCfg = Debug|Any CPU
		{8C745FAA-D09E-49B1-87D3-0926ED70A640}.Debug|Any CPU.Build.0 = Debug|Any CPU
		{8C745FAA-D09E-49B1-87D3-0926ED70A640}.Debug|x64.ActiveCfg = Debug|Any CPU
		{8C745FAA-D09E-49B1-87D3-0926ED70A640}.Debug|x64.Build.0 = Debug|Any CPU
		{8C745FAA-D09E-49B1-87D3-0926ED70A640}.Debug|x86.ActiveCfg = Debug|Any CPU
		{8C745FAA-D09E-49B1-87D3-0926ED70A640}.Debug|x86.Build.0 = Debug|Any CPU
		{8C745FAA-D09E-49B1-87D3-0926ED70A640}.Release|Any CPU.ActiveCfg = Release|Any CPU
		{8C745FAA-D09E-49B1-87D3-0926ED70A640}.Release|Any CPU.Build.0 = Release|Any CPU
		{8C745FAA-D09E-49B1-87D3-0926ED70A640}.Release|x64.ActiveCfg = Release|Any CPU
		{8C745FAA-D09E-49B1-87D3-0926ED70A640}.Release|x64.Build.0 = Release|Any CPU
		{8C745FAA-D09E-49B1-87D3-0926ED70A640}.Release|x86.ActiveCfg = Release|Any CPU
		{8C745FAA-D09E-49B1-87D3-0926ED70A640}.Release|x86.Build.0 = Release|Any CPU
	EndGlobalSection
	GlobalSection(SolutionProperties) = preSolution
		HideSolutionNode = FALSE
	EndGlobalSection
	GlobalSection(NestedProjects) = preSolution
		{80F9678C-6935-4048-AACF-41642A48282A} = {A806095A-9D66-4D55-8662-1FC67E90F6FB}
		{2AE00C65-E72F-4F95-9554-55E9B7D1A519} = {A806095A-9D66-4D55-8662-1FC67E90F6FB}
		{3D14D687-1776-4357-9D93-8513F33E47D0} = {A806095A-9D66-4D55-8662-1FC67E90F6FB}
		{A52C1084-C382-46DD-8978-02336EF16B1A} = {A806095A-9D66-4D55-8662-1FC67E90F6FB}
		{7BF5E459-D6B6-45C5-8EFB-6CCCB9467ADC} = {A806095A-9D66-4D55-8662-1FC67E90F6FB}
		{3FA62C1A-7046-4CFB-8124-284EC7BD3660} = {A806095A-9D66-4D55-8662-1FC67E90F6FB}
		{4F18A2E4-5056-48C8-89BA-4837F6F983E4} = {A806095A-9D66-4D55-8662-1FC67E90F6FB}
		{DAD23115-0323-4508-BF27-CD6D36E1112B} = {DBB87E48-15C1-4E1D-AAF4-C35996C7C515}
		{50ED8556-9202-4ED9-91AB-DA61CEC30808} = {DBB87E48-15C1-4E1D-AAF4-C35996C7C515}
		{3155F55E-47A8-46EF-9F64-1DC1709CBB50} = {DBB87E48-15C1-4E1D-AAF4-C35996C7C515}
		{1A64D0DD-C55C-42CE-8410-9D04EDD2D7AE} = {DBB87E48-15C1-4E1D-AAF4-C35996C7C515}
		{1D682D0E-2D07-4B9F-9F37-825D03A354DB} = {DBB87E48-15C1-4E1D-AAF4-C35996C7C515}
		{D899ECA0-DFA1-4200-9ED6-5D0A05F47279} = {DBB87E48-15C1-4E1D-AAF4-C35996C7C515}
		{79B5A55F-4AC6-46BA-829B-00A3ACE540D8} = {166943FC-7D19-4C4A-9E74-02A2CB49CD6B}
		{A762EA81-6ECD-4DDD-B073-AC00BA4521CD} = {166943FC-7D19-4C4A-9E74-02A2CB49CD6B}
		{D2D04C6C-F7F1-4D67-B182-7C6A8668242D} = {CA5A0AA5-2CAD-4F42-AF73-980469934F27}
		{627A87BA-75B9-4C2E-861E-02880CA04295} = {CA5A0AA5-2CAD-4F42-AF73-980469934F27}
		{E377BDF8-0115-4235-904A-60002F8A3ECC} = {CA5A0AA5-2CAD-4F42-AF73-980469934F27}
		{FCCE0ECF-497E-4A55-94E4-B1C5EF371AAF} = {CA5A0AA5-2CAD-4F42-AF73-980469934F27}
		{277122E2-FF4E-41BF-BF04-A41CACDBD1E0} = {CA5A0AA5-2CAD-4F42-AF73-980469934F27}
		{1A60DB31-795B-4645-A450-E8B977055B7B} = {CA5A0AA5-2CAD-4F42-AF73-980469934F27}
		{BF3328FC-632B-44E2-87C5-3D33BB7404A4} = {CA5A0AA5-2CAD-4F42-AF73-980469934F27}
		{AFB73DAC-1621-4601-8A22-B9481E7155AD} = {A806095A-9D66-4D55-8662-1FC67E90F6FB}
		{278F5827-4269-417A-804F-98A1D17F643E} = {A806095A-9D66-4D55-8662-1FC67E90F6FB}
		{D6B12FAD-51C6-45DD-90AF-86DB54F3109C} = {A806095A-9D66-4D55-8662-1FC67E90F6FB}
		{32E92CD7-190E-4E9E-8230-1D7E5E19A539} = {A806095A-9D66-4D55-8662-1FC67E90F6FB}
		{79146D00-9690-4717-9E08-FF00B587322C} = {2257A448-52A2-466A-ABC5-BD63018F004A}
		{E41BA7A2-11C0-4520-B6B0-8023E0FE95B5} = {2257A448-52A2-466A-ABC5-BD63018F004A}
		{054AAB3A-DA4E-4750-93D0-3E0314EA6F09} = {2257A448-52A2-466A-ABC5-BD63018F004A}
		{C1CA774E-6BB6-4BD1-A4F1-1B20E7ACD6DE} = {2257A448-52A2-466A-ABC5-BD63018F004A}
		{51279890-5EDE-42A3-8D8D-EE0230CE0944} = {2257A448-52A2-466A-ABC5-BD63018F004A}
		{9D1DBC42-96F7-4516-8C47-9DD35C6D9AAD} = {2257A448-52A2-466A-ABC5-BD63018F004A}
		{0A574507-A3BF-4A7B-9E7B-41B173F60E20} = {A806095A-9D66-4D55-8662-1FC67E90F6FB}
		{416F775A-A2E1-4063-9054-74FBEF458077} = {CA5A0AA5-2CAD-4F42-AF73-980469934F27}
		{E1BCD6FE-A640-4318-B965-14578C32E31D} = {CA5A0AA5-2CAD-4F42-AF73-980469934F27}
		{4860ADD6-EC91-4DA8-84AC-9882B6210D4D} = {166943FC-7D19-4C4A-9E74-02A2CB49CD6B}
		{29371B76-B563-4A37-8FE6-24CEFE5F1F60} = {A806095A-9D66-4D55-8662-1FC67E90F6FB}
		{0197CBCD-7A5F-4A52-9294-32336B312F9C} = {2257A448-52A2-466A-ABC5-BD63018F004A}
		{442F7B7D-C529-4C17-A6F6-C578CA5C06F5} = {166943FC-7D19-4C4A-9E74-02A2CB49CD6B}
		{899902B6-63DB-4FED-ABC7-9AE35CCE1DB6} = {166943FC-7D19-4C4A-9E74-02A2CB49CD6B}
		{621EDEE7-1085-43AA-BD02-0803FFC83377} = {CA5A0AA5-2CAD-4F42-AF73-980469934F27}
		{8C745FAA-D09E-49B1-87D3-0926ED70A640} = {CA5A0AA5-2CAD-4F42-AF73-980469934F27}
	EndGlobalSection
	GlobalSection(ExtensibilityGlobals) = postSolution
		SolutionGuid = {D92D723F-44EC-4C1E-AAC3-C162FCEAAA08}
	EndGlobalSection
EndGlobal
