
Microsoft Visual Studio Solution File, Format Version 12.00
# Visual Studio 15
VisualStudioVersion = 15.0.26730.16
MinimumVisualStudioVersion = 10.0.40219.1
Project("{9A19103F-16F7-4668-BE54-9A1E7A4F7556}") = "Jasper", "src\Jasper\Jasper.csproj", "{E617B35A-B0D2-43BB-A723-D29B992EE744}"
EndProject
Project("{9A19103F-16F7-4668-BE54-9A1E7A4F7556}") = "Jasper.Testing", "src\Jasper.Testing\Jasper.Testing.csproj", "{D113C9C6-CBE4-42D2-8044-0D4C910159C1}"
EndProject
Project("{9A19103F-16F7-4668-BE54-9A1E7A4F7556}") = "Module1", "src\Module1\Module1.csproj", "{4F18A2E4-5056-48C8-89BA-4837F6F983E4}"
EndProject
Project("{9A19103F-16F7-4668-BE54-9A1E7A4F7556}") = "TestMessages", "src\TestMessages\TestMessages.csproj", "{80F9678C-6935-4048-AACF-41642A48282A}"
EndProject
Project("{9A19103F-16F7-4668-BE54-9A1E7A4F7556}") = "DiagnosticsHarness", "src\DiagnosticsHarness\DiagnosticsHarness.csproj", "{425653B8-ECA1-48B5-A27B-07EF4F5694A8}"
EndProject
Project("{9A19103F-16F7-4668-BE54-9A1E7A4F7556}") = "DiagnosticsServiceHarness", "src\DiagnosticsServiceHarness\DiagnosticsServiceHarness.csproj", "{C69FDB0F-4572-41FE-95AA-E6FAEE67AA23}"
EndProject
Project("{9A19103F-16F7-4668-BE54-9A1E7A4F7556}") = "DiagnosticsHarnessMessages", "src\DiagnosticsHarnessMessages\DiagnosticsHarnessMessages.csproj", "{B0788E02-309A-4FC8-BB46-A22536D572E6}"
EndProject
Project("{9A19103F-16F7-4668-BE54-9A1E7A4F7556}") = "Jasper.Diagnostics", "src\Jasper.Diagnostics\Jasper.Diagnostics.csproj", "{768CBDA0-9CE9-4C72-BFA6-DD3316966ADE}"
EndProject
Project("{9A19103F-16F7-4668-BE54-9A1E7A4F7556}") = "IntegrationTests", "src\IntegrationTests\IntegrationTests.csproj", "{03C6C087-A5C2-4A11-BF0C-C8F4847BBE1B}"
EndProject
Project("{9A19103F-16F7-4668-BE54-9A1E7A4F7556}") = "Jasper.Consul", "src\Jasper.Consul\Jasper.Consul.csproj", "{87A7D128-DBA3-4F3A-A44D-8C2257D67BC6}"
EndProject
Project("{9A19103F-16F7-4668-BE54-9A1E7A4F7556}") = "Jasper.Consul.Testing", "src\Jasper.Consul.Testing\Jasper.Consul.Testing.csproj", "{0DDA33BD-C94F-479A-8717-5738A554F3B1}"
EndProject
Project("{9A19103F-16F7-4668-BE54-9A1E7A4F7556}") = "ConsoleApp", "src\ConsoleApp\ConsoleApp.csproj", "{3FA62C1A-7046-4CFB-8124-284EC7BD3660}"
EndProject
Project("{9A19103F-16F7-4668-BE54-9A1E7A4F7556}") = "Jasper.CommandLine", "src\Jasper.CommandLine\Jasper.CommandLine.csproj", "{7641E3E9-4E43-4036-89D6-6594F437A230}"
EndProject
Project("{9A19103F-16F7-4668-BE54-9A1E7A4F7556}") = "Jasper.Storyteller", "src\Jasper.Storyteller\Jasper.Storyteller.csproj", "{B94F7CAB-230F-4EB8-870E-2096AE0E404C}"
EndProject
Project("{2150E333-8FDC-42A3-9474-1A3956D46DE8}") = "Storyteller", "Storyteller", "{B39420D8-BB43-4085-B554-CE0C90C93BC7}"
EndProject
Project("{9A19103F-16F7-4668-BE54-9A1E7A4F7556}") = "StorytellerSpecs", "src\StorytellerSpecs\StorytellerSpecs.csproj", "{51279890-5EDE-42A3-8D8D-EE0230CE0944}"
EndProject
Project("{9A19103F-16F7-4668-BE54-9A1E7A4F7556}") = "StorytellerSample", "src\StorytellerSample\StorytellerSample.csproj", "{0A574507-A3BF-4A7B-9E7B-41B173F60E20}"
EndProject
Project("{9A19103F-16F7-4668-BE54-9A1E7A4F7556}") = "Jasper.Marten", "src\Jasper.Marten\Jasper.Marten.csproj", "{BC2EFC62-6E03-4353-8D6F-03F6790E5D25}"
EndProject
Project("{9A19103F-16F7-4668-BE54-9A1E7A4F7556}") = "Jasper.Marten.Tests", "src\Jasper.Marten.Tests\Jasper.Marten.Tests.csproj", "{F7EF2B23-813F-4BAC-87E0-61A3EFAF834E}"
EndProject
Project("{2150E333-8FDC-42A3-9474-1A3956D46DE8}") = "Marten", "Marten", "{941EB9E2-C314-4E3C-B118-2191D3BAED14}"
EndProject
Project("{2150E333-8FDC-42A3-9474-1A3956D46DE8}") = "Diagnostics", "Diagnostics", "{6AF3CEF5-0A80-4258-942A-8F99BAF8A327}"
EndProject
Project("{2150E333-8FDC-42A3-9474-1A3956D46DE8}") = "Consul", "Consul", "{2A0AC53D-ECE1-43E5-8FB5-497A03E70641}"
EndProject
Project("{2150E333-8FDC-42A3-9474-1A3956D46DE8}") = "Samples", "Samples", "{A806095A-9D66-4D55-8662-1FC67E90F6FB}"
EndProject
Project("{9A19103F-16F7-4668-BE54-9A1E7A4F7556}") = "Publisher", "src\Publisher\Publisher.csproj", "{2AE00C65-E72F-4F95-9554-55E9B7D1A519}"
EndProject
Project("{9A19103F-16F7-4668-BE54-9A1E7A4F7556}") = "Jasper.WebSockets", "src\Jasper.WebSockets\Jasper.WebSockets.csproj", "{72D908BC-E18D-4D3C-AFF1-68C969994E4E}"
EndProject
Project("{9A19103F-16F7-4668-BE54-9A1E7A4F7556}") = "Jasper.WebSockets.Testing", "src\Jasper.WebSockets.Testing\Jasper.WebSockets.Testing.csproj", "{2B2C5DED-4CC7-489B-9DA1-F29FC3601A11}"
EndProject
Project("{2150E333-8FDC-42A3-9474-1A3956D46DE8}") = "WebSockets", "WebSockets", "{00674552-9AA9-4429-A228-537A1EAFDA84}"
EndProject
Project("{9A19103F-16F7-4668-BE54-9A1E7A4F7556}") = "Subscriber", "src\Subscriber\Subscriber.csproj", "{3D14D687-1776-4357-9D93-8513F33E47D0}"
EndProject
Project("{9A19103F-16F7-4668-BE54-9A1E7A4F7556}") = "Pinger", "src\Pinger\Pinger.csproj", "{A52C1084-C382-46DD-8978-02336EF16B1A}"
EndProject
Project("{9A19103F-16F7-4668-BE54-9A1E7A4F7556}") = "Ponger", "src\Ponger\Ponger.csproj", "{7BF5E459-D6B6-45C5-8EFB-6CCCB9467ADC}"
EndProject
Project("{2150E333-8FDC-42A3-9474-1A3956D46DE8}") = "LightningDb", "LightningDb", "{6E13AC22-9BB2-4164-AB14-C5087F07C8E1}"
EndProject
Project("{9A19103F-16F7-4668-BE54-9A1E7A4F7556}") = "benchmarks", "src\benchmarks\benchmarks.csproj", "{75E8302C-319C-4878-89EA-5D9EF1CFC91E}"
EndProject
Project("{2150E333-8FDC-42A3-9474-1A3956D46DE8}") = "SqlServer", "SqlServer", "{1C0A5A25-1794-47CD-8AB2-CE09A05B8A60}"
EndProject
Project("{9A19103F-16F7-4668-BE54-9A1E7A4F7556}") = "Jasper.SqlServer", "src\Jasper.SqlServer\Jasper.SqlServer.csproj", "{CA3E487B-43A5-434C-8A58-BCA975156B8C}"
EndProject
Project("{9A19103F-16F7-4668-BE54-9A1E7A4F7556}") = "Jasper.SqlServer.Tests", "src\Jasper.SqlServer.Tests\Jasper.SqlServer.Tests.csproj", "{B37690EE-8503-436E-8B9A-DDC5939441B6}"
EndProject
Project("{9A19103F-16F7-4668-BE54-9A1E7A4F7556}") = "DurabilitySpecs", "src\DurabilitySpecs\DurabilitySpecs.csproj", "{0AEE1633-1497-4D47-B297-E40CADDE47F1}"
EndProject
Project("{9A19103F-16F7-4668-BE54-9A1E7A4F7556}") = "JasperHttpTesting", "src\JasperHttpTesting\JasperHttpTesting.csproj", "{4F357F5B-C5FF-45D0-A572-734D260B2D49}"
EndProject
Project("{9A19103F-16F7-4668-BE54-9A1E7A4F7556}") = "ShowHandler", "src\ShowHandler\ShowHandler.csproj", "{7CAFB537-39FD-4172-8D2A-B79F682B530D}"
EndProject
Project("{9A19103F-16F7-4668-BE54-9A1E7A4F7556}") = "OutboxInMVCWithMarten", "src\OutboxInMVCWithMarten\OutboxInMVCWithMarten.csproj", "{C5DE9B84-6D04-4E6A-803E-59630052FBCB}"
EndProject
Global
	GlobalSection(SolutionConfigurationPlatforms) = preSolution
		Debug|Any CPU = Debug|Any CPU
		Debug|x64 = Debug|x64
		Debug|x86 = Debug|x86
		Release|Any CPU = Release|Any CPU
		Release|x64 = Release|x64
		Release|x86 = Release|x86
	EndGlobalSection
	GlobalSection(ProjectConfigurationPlatforms) = postSolution
		{E617B35A-B0D2-43BB-A723-D29B992EE744}.Debug|Any CPU.ActiveCfg = Debug|Any CPU
		{E617B35A-B0D2-43BB-A723-D29B992EE744}.Debug|Any CPU.Build.0 = Debug|Any CPU
		{E617B35A-B0D2-43BB-A723-D29B992EE744}.Debug|x64.ActiveCfg = Debug|Any CPU
		{E617B35A-B0D2-43BB-A723-D29B992EE744}.Debug|x64.Build.0 = Debug|Any CPU
		{E617B35A-B0D2-43BB-A723-D29B992EE744}.Debug|x86.ActiveCfg = Debug|Any CPU
		{E617B35A-B0D2-43BB-A723-D29B992EE744}.Debug|x86.Build.0 = Debug|Any CPU
		{E617B35A-B0D2-43BB-A723-D29B992EE744}.Release|Any CPU.ActiveCfg = Release|Any CPU
		{E617B35A-B0D2-43BB-A723-D29B992EE744}.Release|Any CPU.Build.0 = Release|Any CPU
		{E617B35A-B0D2-43BB-A723-D29B992EE744}.Release|x64.ActiveCfg = Release|Any CPU
		{E617B35A-B0D2-43BB-A723-D29B992EE744}.Release|x64.Build.0 = Release|Any CPU
		{E617B35A-B0D2-43BB-A723-D29B992EE744}.Release|x86.ActiveCfg = Release|Any CPU
		{E617B35A-B0D2-43BB-A723-D29B992EE744}.Release|x86.Build.0 = Release|Any CPU
		{D113C9C6-CBE4-42D2-8044-0D4C910159C1}.Debug|Any CPU.ActiveCfg = Debug|Any CPU
		{D113C9C6-CBE4-42D2-8044-0D4C910159C1}.Debug|Any CPU.Build.0 = Debug|Any CPU
		{D113C9C6-CBE4-42D2-8044-0D4C910159C1}.Debug|x64.ActiveCfg = Debug|Any CPU
		{D113C9C6-CBE4-42D2-8044-0D4C910159C1}.Debug|x64.Build.0 = Debug|Any CPU
		{D113C9C6-CBE4-42D2-8044-0D4C910159C1}.Debug|x86.ActiveCfg = Debug|Any CPU
		{D113C9C6-CBE4-42D2-8044-0D4C910159C1}.Debug|x86.Build.0 = Debug|Any CPU
		{D113C9C6-CBE4-42D2-8044-0D4C910159C1}.Release|Any CPU.ActiveCfg = Release|Any CPU
		{D113C9C6-CBE4-42D2-8044-0D4C910159C1}.Release|Any CPU.Build.0 = Release|Any CPU
		{D113C9C6-CBE4-42D2-8044-0D4C910159C1}.Release|x64.ActiveCfg = Release|Any CPU
		{D113C9C6-CBE4-42D2-8044-0D4C910159C1}.Release|x64.Build.0 = Release|Any CPU
		{D113C9C6-CBE4-42D2-8044-0D4C910159C1}.Release|x86.ActiveCfg = Release|Any CPU
		{D113C9C6-CBE4-42D2-8044-0D4C910159C1}.Release|x86.Build.0 = Release|Any CPU
		{4F18A2E4-5056-48C8-89BA-4837F6F983E4}.Debug|Any CPU.ActiveCfg = Debug|Any CPU
		{4F18A2E4-5056-48C8-89BA-4837F6F983E4}.Debug|Any CPU.Build.0 = Debug|Any CPU
		{4F18A2E4-5056-48C8-89BA-4837F6F983E4}.Debug|x64.ActiveCfg = Debug|Any CPU
		{4F18A2E4-5056-48C8-89BA-4837F6F983E4}.Debug|x64.Build.0 = Debug|Any CPU
		{4F18A2E4-5056-48C8-89BA-4837F6F983E4}.Debug|x86.ActiveCfg = Debug|Any CPU
		{4F18A2E4-5056-48C8-89BA-4837F6F983E4}.Debug|x86.Build.0 = Debug|Any CPU
		{4F18A2E4-5056-48C8-89BA-4837F6F983E4}.Release|Any CPU.ActiveCfg = Release|Any CPU
		{4F18A2E4-5056-48C8-89BA-4837F6F983E4}.Release|Any CPU.Build.0 = Release|Any CPU
		{4F18A2E4-5056-48C8-89BA-4837F6F983E4}.Release|x64.ActiveCfg = Release|Any CPU
		{4F18A2E4-5056-48C8-89BA-4837F6F983E4}.Release|x64.Build.0 = Release|Any CPU
		{4F18A2E4-5056-48C8-89BA-4837F6F983E4}.Release|x86.ActiveCfg = Release|Any CPU
		{4F18A2E4-5056-48C8-89BA-4837F6F983E4}.Release|x86.Build.0 = Release|Any CPU
		{80F9678C-6935-4048-AACF-41642A48282A}.Debug|Any CPU.ActiveCfg = Debug|Any CPU
		{80F9678C-6935-4048-AACF-41642A48282A}.Debug|Any CPU.Build.0 = Debug|Any CPU
		{80F9678C-6935-4048-AACF-41642A48282A}.Debug|x64.ActiveCfg = Debug|Any CPU
		{80F9678C-6935-4048-AACF-41642A48282A}.Debug|x64.Build.0 = Debug|Any CPU
		{80F9678C-6935-4048-AACF-41642A48282A}.Debug|x86.ActiveCfg = Debug|Any CPU
		{80F9678C-6935-4048-AACF-41642A48282A}.Debug|x86.Build.0 = Debug|Any CPU
		{80F9678C-6935-4048-AACF-41642A48282A}.Release|Any CPU.ActiveCfg = Release|Any CPU
		{80F9678C-6935-4048-AACF-41642A48282A}.Release|Any CPU.Build.0 = Release|Any CPU
		{80F9678C-6935-4048-AACF-41642A48282A}.Release|x64.ActiveCfg = Release|Any CPU
		{80F9678C-6935-4048-AACF-41642A48282A}.Release|x64.Build.0 = Release|Any CPU
		{80F9678C-6935-4048-AACF-41642A48282A}.Release|x86.ActiveCfg = Release|Any CPU
		{80F9678C-6935-4048-AACF-41642A48282A}.Release|x86.Build.0 = Release|Any CPU
		{425653B8-ECA1-48B5-A27B-07EF4F5694A8}.Debug|Any CPU.ActiveCfg = Debug|Any CPU
		{425653B8-ECA1-48B5-A27B-07EF4F5694A8}.Debug|Any CPU.Build.0 = Debug|Any CPU
		{425653B8-ECA1-48B5-A27B-07EF4F5694A8}.Debug|x64.ActiveCfg = Debug|Any CPU
		{425653B8-ECA1-48B5-A27B-07EF4F5694A8}.Debug|x64.Build.0 = Debug|Any CPU
		{425653B8-ECA1-48B5-A27B-07EF4F5694A8}.Debug|x86.ActiveCfg = Debug|Any CPU
		{425653B8-ECA1-48B5-A27B-07EF4F5694A8}.Debug|x86.Build.0 = Debug|Any CPU
		{425653B8-ECA1-48B5-A27B-07EF4F5694A8}.Release|Any CPU.ActiveCfg = Release|Any CPU
		{425653B8-ECA1-48B5-A27B-07EF4F5694A8}.Release|Any CPU.Build.0 = Release|Any CPU
		{425653B8-ECA1-48B5-A27B-07EF4F5694A8}.Release|x64.ActiveCfg = Release|Any CPU
		{425653B8-ECA1-48B5-A27B-07EF4F5694A8}.Release|x64.Build.0 = Release|Any CPU
		{425653B8-ECA1-48B5-A27B-07EF4F5694A8}.Release|x86.ActiveCfg = Release|Any CPU
		{425653B8-ECA1-48B5-A27B-07EF4F5694A8}.Release|x86.Build.0 = Release|Any CPU
		{C69FDB0F-4572-41FE-95AA-E6FAEE67AA23}.Debug|Any CPU.ActiveCfg = Debug|Any CPU
		{C69FDB0F-4572-41FE-95AA-E6FAEE67AA23}.Debug|Any CPU.Build.0 = Debug|Any CPU
		{C69FDB0F-4572-41FE-95AA-E6FAEE67AA23}.Debug|x64.ActiveCfg = Debug|Any CPU
		{C69FDB0F-4572-41FE-95AA-E6FAEE67AA23}.Debug|x64.Build.0 = Debug|Any CPU
		{C69FDB0F-4572-41FE-95AA-E6FAEE67AA23}.Debug|x86.ActiveCfg = Debug|Any CPU
		{C69FDB0F-4572-41FE-95AA-E6FAEE67AA23}.Debug|x86.Build.0 = Debug|Any CPU
		{C69FDB0F-4572-41FE-95AA-E6FAEE67AA23}.Release|Any CPU.ActiveCfg = Release|Any CPU
		{C69FDB0F-4572-41FE-95AA-E6FAEE67AA23}.Release|Any CPU.Build.0 = Release|Any CPU
		{C69FDB0F-4572-41FE-95AA-E6FAEE67AA23}.Release|x64.ActiveCfg = Release|Any CPU
		{C69FDB0F-4572-41FE-95AA-E6FAEE67AA23}.Release|x64.Build.0 = Release|Any CPU
		{C69FDB0F-4572-41FE-95AA-E6FAEE67AA23}.Release|x86.ActiveCfg = Release|Any CPU
		{C69FDB0F-4572-41FE-95AA-E6FAEE67AA23}.Release|x86.Build.0 = Release|Any CPU
		{B0788E02-309A-4FC8-BB46-A22536D572E6}.Debug|Any CPU.ActiveCfg = Debug|Any CPU
		{B0788E02-309A-4FC8-BB46-A22536D572E6}.Debug|Any CPU.Build.0 = Debug|Any CPU
		{B0788E02-309A-4FC8-BB46-A22536D572E6}.Debug|x64.ActiveCfg = Debug|Any CPU
		{B0788E02-309A-4FC8-BB46-A22536D572E6}.Debug|x64.Build.0 = Debug|Any CPU
		{B0788E02-309A-4FC8-BB46-A22536D572E6}.Debug|x86.ActiveCfg = Debug|Any CPU
		{B0788E02-309A-4FC8-BB46-A22536D572E6}.Debug|x86.Build.0 = Debug|Any CPU
		{B0788E02-309A-4FC8-BB46-A22536D572E6}.Release|Any CPU.ActiveCfg = Release|Any CPU
		{B0788E02-309A-4FC8-BB46-A22536D572E6}.Release|Any CPU.Build.0 = Release|Any CPU
		{B0788E02-309A-4FC8-BB46-A22536D572E6}.Release|x64.ActiveCfg = Release|Any CPU
		{B0788E02-309A-4FC8-BB46-A22536D572E6}.Release|x64.Build.0 = Release|Any CPU
		{B0788E02-309A-4FC8-BB46-A22536D572E6}.Release|x86.ActiveCfg = Release|Any CPU
		{B0788E02-309A-4FC8-BB46-A22536D572E6}.Release|x86.Build.0 = Release|Any CPU
		{768CBDA0-9CE9-4C72-BFA6-DD3316966ADE}.Debug|Any CPU.ActiveCfg = Debug|Any CPU
		{768CBDA0-9CE9-4C72-BFA6-DD3316966ADE}.Debug|Any CPU.Build.0 = Debug|Any CPU
		{768CBDA0-9CE9-4C72-BFA6-DD3316966ADE}.Debug|x64.ActiveCfg = Debug|Any CPU
		{768CBDA0-9CE9-4C72-BFA6-DD3316966ADE}.Debug|x64.Build.0 = Debug|Any CPU
		{768CBDA0-9CE9-4C72-BFA6-DD3316966ADE}.Debug|x86.ActiveCfg = Debug|Any CPU
		{768CBDA0-9CE9-4C72-BFA6-DD3316966ADE}.Debug|x86.Build.0 = Debug|Any CPU
		{768CBDA0-9CE9-4C72-BFA6-DD3316966ADE}.Release|Any CPU.ActiveCfg = Release|Any CPU
		{768CBDA0-9CE9-4C72-BFA6-DD3316966ADE}.Release|Any CPU.Build.0 = Release|Any CPU
		{768CBDA0-9CE9-4C72-BFA6-DD3316966ADE}.Release|x64.ActiveCfg = Release|Any CPU
		{768CBDA0-9CE9-4C72-BFA6-DD3316966ADE}.Release|x64.Build.0 = Release|Any CPU
		{768CBDA0-9CE9-4C72-BFA6-DD3316966ADE}.Release|x86.ActiveCfg = Release|Any CPU
		{768CBDA0-9CE9-4C72-BFA6-DD3316966ADE}.Release|x86.Build.0 = Release|Any CPU
		{03C6C087-A5C2-4A11-BF0C-C8F4847BBE1B}.Debug|Any CPU.ActiveCfg = Debug|Any CPU
		{03C6C087-A5C2-4A11-BF0C-C8F4847BBE1B}.Debug|Any CPU.Build.0 = Debug|Any CPU
		{03C6C087-A5C2-4A11-BF0C-C8F4847BBE1B}.Debug|x64.ActiveCfg = Debug|Any CPU
		{03C6C087-A5C2-4A11-BF0C-C8F4847BBE1B}.Debug|x64.Build.0 = Debug|Any CPU
		{03C6C087-A5C2-4A11-BF0C-C8F4847BBE1B}.Debug|x86.ActiveCfg = Debug|Any CPU
		{03C6C087-A5C2-4A11-BF0C-C8F4847BBE1B}.Debug|x86.Build.0 = Debug|Any CPU
		{03C6C087-A5C2-4A11-BF0C-C8F4847BBE1B}.Release|Any CPU.ActiveCfg = Release|Any CPU
		{03C6C087-A5C2-4A11-BF0C-C8F4847BBE1B}.Release|Any CPU.Build.0 = Release|Any CPU
		{03C6C087-A5C2-4A11-BF0C-C8F4847BBE1B}.Release|x64.ActiveCfg = Release|Any CPU
		{03C6C087-A5C2-4A11-BF0C-C8F4847BBE1B}.Release|x64.Build.0 = Release|Any CPU
		{03C6C087-A5C2-4A11-BF0C-C8F4847BBE1B}.Release|x86.ActiveCfg = Release|Any CPU
		{03C6C087-A5C2-4A11-BF0C-C8F4847BBE1B}.Release|x86.Build.0 = Release|Any CPU
		{87A7D128-DBA3-4F3A-A44D-8C2257D67BC6}.Debug|Any CPU.ActiveCfg = Debug|Any CPU
		{87A7D128-DBA3-4F3A-A44D-8C2257D67BC6}.Debug|Any CPU.Build.0 = Debug|Any CPU
		{87A7D128-DBA3-4F3A-A44D-8C2257D67BC6}.Debug|x64.ActiveCfg = Debug|Any CPU
		{87A7D128-DBA3-4F3A-A44D-8C2257D67BC6}.Debug|x64.Build.0 = Debug|Any CPU
		{87A7D128-DBA3-4F3A-A44D-8C2257D67BC6}.Debug|x86.ActiveCfg = Debug|Any CPU
		{87A7D128-DBA3-4F3A-A44D-8C2257D67BC6}.Debug|x86.Build.0 = Debug|Any CPU
		{87A7D128-DBA3-4F3A-A44D-8C2257D67BC6}.Release|Any CPU.ActiveCfg = Release|Any CPU
		{87A7D128-DBA3-4F3A-A44D-8C2257D67BC6}.Release|Any CPU.Build.0 = Release|Any CPU
		{87A7D128-DBA3-4F3A-A44D-8C2257D67BC6}.Release|x64.ActiveCfg = Release|Any CPU
		{87A7D128-DBA3-4F3A-A44D-8C2257D67BC6}.Release|x64.Build.0 = Release|Any CPU
		{87A7D128-DBA3-4F3A-A44D-8C2257D67BC6}.Release|x86.ActiveCfg = Release|Any CPU
		{87A7D128-DBA3-4F3A-A44D-8C2257D67BC6}.Release|x86.Build.0 = Release|Any CPU
		{0DDA33BD-C94F-479A-8717-5738A554F3B1}.Debug|Any CPU.ActiveCfg = Debug|Any CPU
		{0DDA33BD-C94F-479A-8717-5738A554F3B1}.Debug|Any CPU.Build.0 = Debug|Any CPU
		{0DDA33BD-C94F-479A-8717-5738A554F3B1}.Debug|x64.ActiveCfg = Debug|Any CPU
		{0DDA33BD-C94F-479A-8717-5738A554F3B1}.Debug|x64.Build.0 = Debug|Any CPU
		{0DDA33BD-C94F-479A-8717-5738A554F3B1}.Debug|x86.ActiveCfg = Debug|Any CPU
		{0DDA33BD-C94F-479A-8717-5738A554F3B1}.Debug|x86.Build.0 = Debug|Any CPU
		{0DDA33BD-C94F-479A-8717-5738A554F3B1}.Release|Any CPU.ActiveCfg = Release|Any CPU
		{0DDA33BD-C94F-479A-8717-5738A554F3B1}.Release|Any CPU.Build.0 = Release|Any CPU
		{0DDA33BD-C94F-479A-8717-5738A554F3B1}.Release|x64.ActiveCfg = Release|Any CPU
		{0DDA33BD-C94F-479A-8717-5738A554F3B1}.Release|x64.Build.0 = Release|Any CPU
		{0DDA33BD-C94F-479A-8717-5738A554F3B1}.Release|x86.ActiveCfg = Release|Any CPU
		{0DDA33BD-C94F-479A-8717-5738A554F3B1}.Release|x86.Build.0 = Release|Any CPU
		{3FA62C1A-7046-4CFB-8124-284EC7BD3660}.Debug|Any CPU.ActiveCfg = Debug|Any CPU
		{3FA62C1A-7046-4CFB-8124-284EC7BD3660}.Debug|Any CPU.Build.0 = Debug|Any CPU
		{3FA62C1A-7046-4CFB-8124-284EC7BD3660}.Debug|x64.ActiveCfg = Debug|Any CPU
		{3FA62C1A-7046-4CFB-8124-284EC7BD3660}.Debug|x64.Build.0 = Debug|Any CPU
		{3FA62C1A-7046-4CFB-8124-284EC7BD3660}.Debug|x86.ActiveCfg = Debug|Any CPU
		{3FA62C1A-7046-4CFB-8124-284EC7BD3660}.Debug|x86.Build.0 = Debug|Any CPU
		{3FA62C1A-7046-4CFB-8124-284EC7BD3660}.Release|Any CPU.ActiveCfg = Release|Any CPU
		{3FA62C1A-7046-4CFB-8124-284EC7BD3660}.Release|Any CPU.Build.0 = Release|Any CPU
		{3FA62C1A-7046-4CFB-8124-284EC7BD3660}.Release|x64.ActiveCfg = Release|Any CPU
		{3FA62C1A-7046-4CFB-8124-284EC7BD3660}.Release|x64.Build.0 = Release|Any CPU
		{3FA62C1A-7046-4CFB-8124-284EC7BD3660}.Release|x86.ActiveCfg = Release|Any CPU
		{3FA62C1A-7046-4CFB-8124-284EC7BD3660}.Release|x86.Build.0 = Release|Any CPU
		{7641E3E9-4E43-4036-89D6-6594F437A230}.Debug|Any CPU.ActiveCfg = Debug|Any CPU
		{7641E3E9-4E43-4036-89D6-6594F437A230}.Debug|Any CPU.Build.0 = Debug|Any CPU
		{7641E3E9-4E43-4036-89D6-6594F437A230}.Debug|x64.ActiveCfg = Debug|Any CPU
		{7641E3E9-4E43-4036-89D6-6594F437A230}.Debug|x64.Build.0 = Debug|Any CPU
		{7641E3E9-4E43-4036-89D6-6594F437A230}.Debug|x86.ActiveCfg = Debug|Any CPU
		{7641E3E9-4E43-4036-89D6-6594F437A230}.Debug|x86.Build.0 = Debug|Any CPU
		{7641E3E9-4E43-4036-89D6-6594F437A230}.Release|Any CPU.ActiveCfg = Release|Any CPU
		{7641E3E9-4E43-4036-89D6-6594F437A230}.Release|Any CPU.Build.0 = Release|Any CPU
		{7641E3E9-4E43-4036-89D6-6594F437A230}.Release|x64.ActiveCfg = Release|Any CPU
		{7641E3E9-4E43-4036-89D6-6594F437A230}.Release|x64.Build.0 = Release|Any CPU
		{7641E3E9-4E43-4036-89D6-6594F437A230}.Release|x86.ActiveCfg = Release|Any CPU
		{7641E3E9-4E43-4036-89D6-6594F437A230}.Release|x86.Build.0 = Release|Any CPU
		{B94F7CAB-230F-4EB8-870E-2096AE0E404C}.Debug|Any CPU.ActiveCfg = Debug|Any CPU
		{B94F7CAB-230F-4EB8-870E-2096AE0E404C}.Debug|Any CPU.Build.0 = Debug|Any CPU
		{B94F7CAB-230F-4EB8-870E-2096AE0E404C}.Debug|x64.ActiveCfg = Debug|Any CPU
		{B94F7CAB-230F-4EB8-870E-2096AE0E404C}.Debug|x64.Build.0 = Debug|Any CPU
		{B94F7CAB-230F-4EB8-870E-2096AE0E404C}.Debug|x86.ActiveCfg = Debug|Any CPU
		{B94F7CAB-230F-4EB8-870E-2096AE0E404C}.Debug|x86.Build.0 = Debug|Any CPU
		{B94F7CAB-230F-4EB8-870E-2096AE0E404C}.Release|Any CPU.ActiveCfg = Release|Any CPU
		{B94F7CAB-230F-4EB8-870E-2096AE0E404C}.Release|Any CPU.Build.0 = Release|Any CPU
		{B94F7CAB-230F-4EB8-870E-2096AE0E404C}.Release|x64.ActiveCfg = Release|Any CPU
		{B94F7CAB-230F-4EB8-870E-2096AE0E404C}.Release|x64.Build.0 = Release|Any CPU
		{B94F7CAB-230F-4EB8-870E-2096AE0E404C}.Release|x86.ActiveCfg = Release|Any CPU
		{B94F7CAB-230F-4EB8-870E-2096AE0E404C}.Release|x86.Build.0 = Release|Any CPU
		{51279890-5EDE-42A3-8D8D-EE0230CE0944}.Debug|Any CPU.ActiveCfg = Debug|Any CPU
		{51279890-5EDE-42A3-8D8D-EE0230CE0944}.Debug|Any CPU.Build.0 = Debug|Any CPU
		{51279890-5EDE-42A3-8D8D-EE0230CE0944}.Debug|x64.ActiveCfg = Debug|Any CPU
		{51279890-5EDE-42A3-8D8D-EE0230CE0944}.Debug|x64.Build.0 = Debug|Any CPU
		{51279890-5EDE-42A3-8D8D-EE0230CE0944}.Debug|x86.ActiveCfg = Debug|Any CPU
		{51279890-5EDE-42A3-8D8D-EE0230CE0944}.Debug|x86.Build.0 = Debug|Any CPU
		{51279890-5EDE-42A3-8D8D-EE0230CE0944}.Release|Any CPU.ActiveCfg = Release|Any CPU
		{51279890-5EDE-42A3-8D8D-EE0230CE0944}.Release|Any CPU.Build.0 = Release|Any CPU
		{51279890-5EDE-42A3-8D8D-EE0230CE0944}.Release|x64.ActiveCfg = Release|Any CPU
		{51279890-5EDE-42A3-8D8D-EE0230CE0944}.Release|x64.Build.0 = Release|Any CPU
		{51279890-5EDE-42A3-8D8D-EE0230CE0944}.Release|x86.ActiveCfg = Release|Any CPU
		{51279890-5EDE-42A3-8D8D-EE0230CE0944}.Release|x86.Build.0 = Release|Any CPU
		{0A574507-A3BF-4A7B-9E7B-41B173F60E20}.Debug|Any CPU.ActiveCfg = Debug|Any CPU
		{0A574507-A3BF-4A7B-9E7B-41B173F60E20}.Debug|Any CPU.Build.0 = Debug|Any CPU
		{0A574507-A3BF-4A7B-9E7B-41B173F60E20}.Debug|x64.ActiveCfg = Debug|Any CPU
		{0A574507-A3BF-4A7B-9E7B-41B173F60E20}.Debug|x64.Build.0 = Debug|Any CPU
		{0A574507-A3BF-4A7B-9E7B-41B173F60E20}.Debug|x86.ActiveCfg = Debug|Any CPU
		{0A574507-A3BF-4A7B-9E7B-41B173F60E20}.Debug|x86.Build.0 = Debug|Any CPU
		{0A574507-A3BF-4A7B-9E7B-41B173F60E20}.Release|Any CPU.ActiveCfg = Release|Any CPU
		{0A574507-A3BF-4A7B-9E7B-41B173F60E20}.Release|Any CPU.Build.0 = Release|Any CPU
		{0A574507-A3BF-4A7B-9E7B-41B173F60E20}.Release|x64.ActiveCfg = Release|Any CPU
		{0A574507-A3BF-4A7B-9E7B-41B173F60E20}.Release|x64.Build.0 = Release|Any CPU
		{0A574507-A3BF-4A7B-9E7B-41B173F60E20}.Release|x86.ActiveCfg = Release|Any CPU
		{0A574507-A3BF-4A7B-9E7B-41B173F60E20}.Release|x86.Build.0 = Release|Any CPU
		{BC2EFC62-6E03-4353-8D6F-03F6790E5D25}.Debug|Any CPU.ActiveCfg = Debug|Any CPU
		{BC2EFC62-6E03-4353-8D6F-03F6790E5D25}.Debug|Any CPU.Build.0 = Debug|Any CPU
		{BC2EFC62-6E03-4353-8D6F-03F6790E5D25}.Debug|x64.ActiveCfg = Debug|Any CPU
		{BC2EFC62-6E03-4353-8D6F-03F6790E5D25}.Debug|x64.Build.0 = Debug|Any CPU
		{BC2EFC62-6E03-4353-8D6F-03F6790E5D25}.Debug|x86.ActiveCfg = Debug|Any CPU
		{BC2EFC62-6E03-4353-8D6F-03F6790E5D25}.Debug|x86.Build.0 = Debug|Any CPU
		{BC2EFC62-6E03-4353-8D6F-03F6790E5D25}.Release|Any CPU.ActiveCfg = Release|Any CPU
		{BC2EFC62-6E03-4353-8D6F-03F6790E5D25}.Release|Any CPU.Build.0 = Release|Any CPU
		{BC2EFC62-6E03-4353-8D6F-03F6790E5D25}.Release|x64.ActiveCfg = Release|Any CPU
		{BC2EFC62-6E03-4353-8D6F-03F6790E5D25}.Release|x64.Build.0 = Release|Any CPU
		{BC2EFC62-6E03-4353-8D6F-03F6790E5D25}.Release|x86.ActiveCfg = Release|Any CPU
		{BC2EFC62-6E03-4353-8D6F-03F6790E5D25}.Release|x86.Build.0 = Release|Any CPU
		{F7EF2B23-813F-4BAC-87E0-61A3EFAF834E}.Debug|Any CPU.ActiveCfg = Debug|Any CPU
		{F7EF2B23-813F-4BAC-87E0-61A3EFAF834E}.Debug|Any CPU.Build.0 = Debug|Any CPU
		{F7EF2B23-813F-4BAC-87E0-61A3EFAF834E}.Debug|x64.ActiveCfg = Debug|Any CPU
		{F7EF2B23-813F-4BAC-87E0-61A3EFAF834E}.Debug|x64.Build.0 = Debug|Any CPU
		{F7EF2B23-813F-4BAC-87E0-61A3EFAF834E}.Debug|x86.ActiveCfg = Debug|Any CPU
		{F7EF2B23-813F-4BAC-87E0-61A3EFAF834E}.Debug|x86.Build.0 = Debug|Any CPU
		{F7EF2B23-813F-4BAC-87E0-61A3EFAF834E}.Release|Any CPU.ActiveCfg = Release|Any CPU
		{F7EF2B23-813F-4BAC-87E0-61A3EFAF834E}.Release|Any CPU.Build.0 = Release|Any CPU
		{F7EF2B23-813F-4BAC-87E0-61A3EFAF834E}.Release|x64.ActiveCfg = Release|Any CPU
		{F7EF2B23-813F-4BAC-87E0-61A3EFAF834E}.Release|x64.Build.0 = Release|Any CPU
		{F7EF2B23-813F-4BAC-87E0-61A3EFAF834E}.Release|x86.ActiveCfg = Release|Any CPU
		{F7EF2B23-813F-4BAC-87E0-61A3EFAF834E}.Release|x86.Build.0 = Release|Any CPU
		{2AE00C65-E72F-4F95-9554-55E9B7D1A519}.Debug|Any CPU.ActiveCfg = Debug|Any CPU
		{2AE00C65-E72F-4F95-9554-55E9B7D1A519}.Debug|Any CPU.Build.0 = Debug|Any CPU
		{2AE00C65-E72F-4F95-9554-55E9B7D1A519}.Debug|x64.ActiveCfg = Debug|Any CPU
		{2AE00C65-E72F-4F95-9554-55E9B7D1A519}.Debug|x64.Build.0 = Debug|Any CPU
		{2AE00C65-E72F-4F95-9554-55E9B7D1A519}.Debug|x86.ActiveCfg = Debug|Any CPU
		{2AE00C65-E72F-4F95-9554-55E9B7D1A519}.Debug|x86.Build.0 = Debug|Any CPU
		{2AE00C65-E72F-4F95-9554-55E9B7D1A519}.Release|Any CPU.ActiveCfg = Release|Any CPU
		{2AE00C65-E72F-4F95-9554-55E9B7D1A519}.Release|Any CPU.Build.0 = Release|Any CPU
		{2AE00C65-E72F-4F95-9554-55E9B7D1A519}.Release|x64.ActiveCfg = Release|Any CPU
		{2AE00C65-E72F-4F95-9554-55E9B7D1A519}.Release|x64.Build.0 = Release|Any CPU
		{2AE00C65-E72F-4F95-9554-55E9B7D1A519}.Release|x86.ActiveCfg = Release|Any CPU
		{2AE00C65-E72F-4F95-9554-55E9B7D1A519}.Release|x86.Build.0 = Release|Any CPU
		{72D908BC-E18D-4D3C-AFF1-68C969994E4E}.Debug|Any CPU.ActiveCfg = Debug|Any CPU
		{72D908BC-E18D-4D3C-AFF1-68C969994E4E}.Debug|Any CPU.Build.0 = Debug|Any CPU
		{72D908BC-E18D-4D3C-AFF1-68C969994E4E}.Debug|x64.ActiveCfg = Debug|Any CPU
		{72D908BC-E18D-4D3C-AFF1-68C969994E4E}.Debug|x64.Build.0 = Debug|Any CPU
		{72D908BC-E18D-4D3C-AFF1-68C969994E4E}.Debug|x86.ActiveCfg = Debug|Any CPU
		{72D908BC-E18D-4D3C-AFF1-68C969994E4E}.Debug|x86.Build.0 = Debug|Any CPU
		{72D908BC-E18D-4D3C-AFF1-68C969994E4E}.Release|Any CPU.ActiveCfg = Release|Any CPU
		{72D908BC-E18D-4D3C-AFF1-68C969994E4E}.Release|Any CPU.Build.0 = Release|Any CPU
		{72D908BC-E18D-4D3C-AFF1-68C969994E4E}.Release|x64.ActiveCfg = Release|Any CPU
		{72D908BC-E18D-4D3C-AFF1-68C969994E4E}.Release|x64.Build.0 = Release|Any CPU
		{72D908BC-E18D-4D3C-AFF1-68C969994E4E}.Release|x86.ActiveCfg = Release|Any CPU
		{72D908BC-E18D-4D3C-AFF1-68C969994E4E}.Release|x86.Build.0 = Release|Any CPU
		{2B2C5DED-4CC7-489B-9DA1-F29FC3601A11}.Debug|Any CPU.ActiveCfg = Debug|Any CPU
		{2B2C5DED-4CC7-489B-9DA1-F29FC3601A11}.Debug|Any CPU.Build.0 = Debug|Any CPU
		{2B2C5DED-4CC7-489B-9DA1-F29FC3601A11}.Debug|x64.ActiveCfg = Debug|Any CPU
		{2B2C5DED-4CC7-489B-9DA1-F29FC3601A11}.Debug|x64.Build.0 = Debug|Any CPU
		{2B2C5DED-4CC7-489B-9DA1-F29FC3601A11}.Debug|x86.ActiveCfg = Debug|Any CPU
		{2B2C5DED-4CC7-489B-9DA1-F29FC3601A11}.Debug|x86.Build.0 = Debug|Any CPU
		{2B2C5DED-4CC7-489B-9DA1-F29FC3601A11}.Release|Any CPU.ActiveCfg = Release|Any CPU
		{2B2C5DED-4CC7-489B-9DA1-F29FC3601A11}.Release|Any CPU.Build.0 = Release|Any CPU
		{2B2C5DED-4CC7-489B-9DA1-F29FC3601A11}.Release|x64.ActiveCfg = Release|Any CPU
		{2B2C5DED-4CC7-489B-9DA1-F29FC3601A11}.Release|x64.Build.0 = Release|Any CPU
		{2B2C5DED-4CC7-489B-9DA1-F29FC3601A11}.Release|x86.ActiveCfg = Release|Any CPU
		{2B2C5DED-4CC7-489B-9DA1-F29FC3601A11}.Release|x86.Build.0 = Release|Any CPU
		{3D14D687-1776-4357-9D93-8513F33E47D0}.Debug|Any CPU.ActiveCfg = Debug|Any CPU
		{3D14D687-1776-4357-9D93-8513F33E47D0}.Debug|Any CPU.Build.0 = Debug|Any CPU
		{3D14D687-1776-4357-9D93-8513F33E47D0}.Debug|x64.ActiveCfg = Debug|Any CPU
		{3D14D687-1776-4357-9D93-8513F33E47D0}.Debug|x64.Build.0 = Debug|Any CPU
		{3D14D687-1776-4357-9D93-8513F33E47D0}.Debug|x86.ActiveCfg = Debug|Any CPU
		{3D14D687-1776-4357-9D93-8513F33E47D0}.Debug|x86.Build.0 = Debug|Any CPU
		{3D14D687-1776-4357-9D93-8513F33E47D0}.Release|Any CPU.ActiveCfg = Release|Any CPU
		{3D14D687-1776-4357-9D93-8513F33E47D0}.Release|Any CPU.Build.0 = Release|Any CPU
		{3D14D687-1776-4357-9D93-8513F33E47D0}.Release|x64.ActiveCfg = Release|Any CPU
		{3D14D687-1776-4357-9D93-8513F33E47D0}.Release|x64.Build.0 = Release|Any CPU
		{3D14D687-1776-4357-9D93-8513F33E47D0}.Release|x86.ActiveCfg = Release|Any CPU
		{3D14D687-1776-4357-9D93-8513F33E47D0}.Release|x86.Build.0 = Release|Any CPU
		{A52C1084-C382-46DD-8978-02336EF16B1A}.Debug|Any CPU.ActiveCfg = Debug|Any CPU
		{A52C1084-C382-46DD-8978-02336EF16B1A}.Debug|Any CPU.Build.0 = Debug|Any CPU
		{A52C1084-C382-46DD-8978-02336EF16B1A}.Debug|x64.ActiveCfg = Debug|Any CPU
		{A52C1084-C382-46DD-8978-02336EF16B1A}.Debug|x64.Build.0 = Debug|Any CPU
		{A52C1084-C382-46DD-8978-02336EF16B1A}.Debug|x86.ActiveCfg = Debug|Any CPU
		{A52C1084-C382-46DD-8978-02336EF16B1A}.Debug|x86.Build.0 = Debug|Any CPU
		{A52C1084-C382-46DD-8978-02336EF16B1A}.Release|Any CPU.ActiveCfg = Release|Any CPU
		{A52C1084-C382-46DD-8978-02336EF16B1A}.Release|Any CPU.Build.0 = Release|Any CPU
		{A52C1084-C382-46DD-8978-02336EF16B1A}.Release|x64.ActiveCfg = Release|Any CPU
		{A52C1084-C382-46DD-8978-02336EF16B1A}.Release|x64.Build.0 = Release|Any CPU
		{A52C1084-C382-46DD-8978-02336EF16B1A}.Release|x86.ActiveCfg = Release|Any CPU
		{A52C1084-C382-46DD-8978-02336EF16B1A}.Release|x86.Build.0 = Release|Any CPU
		{7BF5E459-D6B6-45C5-8EFB-6CCCB9467ADC}.Debug|Any CPU.ActiveCfg = Debug|Any CPU
		{7BF5E459-D6B6-45C5-8EFB-6CCCB9467ADC}.Debug|Any CPU.Build.0 = Debug|Any CPU
		{7BF5E459-D6B6-45C5-8EFB-6CCCB9467ADC}.Debug|x64.ActiveCfg = Debug|Any CPU
		{7BF5E459-D6B6-45C5-8EFB-6CCCB9467ADC}.Debug|x64.Build.0 = Debug|Any CPU
		{7BF5E459-D6B6-45C5-8EFB-6CCCB9467ADC}.Debug|x86.ActiveCfg = Debug|Any CPU
		{7BF5E459-D6B6-45C5-8EFB-6CCCB9467ADC}.Debug|x86.Build.0 = Debug|Any CPU
		{7BF5E459-D6B6-45C5-8EFB-6CCCB9467ADC}.Release|Any CPU.ActiveCfg = Release|Any CPU
		{7BF5E459-D6B6-45C5-8EFB-6CCCB9467ADC}.Release|Any CPU.Build.0 = Release|Any CPU
		{7BF5E459-D6B6-45C5-8EFB-6CCCB9467ADC}.Release|x64.ActiveCfg = Release|Any CPU
		{7BF5E459-D6B6-45C5-8EFB-6CCCB9467ADC}.Release|x64.Build.0 = Release|Any CPU
		{7BF5E459-D6B6-45C5-8EFB-6CCCB9467ADC}.Release|x86.ActiveCfg = Release|Any CPU
		{7BF5E459-D6B6-45C5-8EFB-6CCCB9467ADC}.Release|x86.Build.0 = Release|Any CPU
		{75E8302C-319C-4878-89EA-5D9EF1CFC91E}.Debug|Any CPU.ActiveCfg = Debug|Any CPU
		{75E8302C-319C-4878-89EA-5D9EF1CFC91E}.Debug|Any CPU.Build.0 = Debug|Any CPU
		{75E8302C-319C-4878-89EA-5D9EF1CFC91E}.Debug|x64.ActiveCfg = Debug|Any CPU
		{75E8302C-319C-4878-89EA-5D9EF1CFC91E}.Debug|x64.Build.0 = Debug|Any CPU
		{75E8302C-319C-4878-89EA-5D9EF1CFC91E}.Debug|x86.ActiveCfg = Debug|Any CPU
		{75E8302C-319C-4878-89EA-5D9EF1CFC91E}.Debug|x86.Build.0 = Debug|Any CPU
		{75E8302C-319C-4878-89EA-5D9EF1CFC91E}.Release|Any CPU.ActiveCfg = Release|Any CPU
		{75E8302C-319C-4878-89EA-5D9EF1CFC91E}.Release|Any CPU.Build.0 = Release|Any CPU
		{75E8302C-319C-4878-89EA-5D9EF1CFC91E}.Release|x64.ActiveCfg = Release|Any CPU
		{75E8302C-319C-4878-89EA-5D9EF1CFC91E}.Release|x64.Build.0 = Release|Any CPU
		{75E8302C-319C-4878-89EA-5D9EF1CFC91E}.Release|x86.ActiveCfg = Release|Any CPU
		{75E8302C-319C-4878-89EA-5D9EF1CFC91E}.Release|x86.Build.0 = Release|Any CPU
		{CA3E487B-43A5-434C-8A58-BCA975156B8C}.Debug|Any CPU.ActiveCfg = Debug|Any CPU
		{CA3E487B-43A5-434C-8A58-BCA975156B8C}.Debug|Any CPU.Build.0 = Debug|Any CPU
		{CA3E487B-43A5-434C-8A58-BCA975156B8C}.Debug|x64.ActiveCfg = Debug|Any CPU
		{CA3E487B-43A5-434C-8A58-BCA975156B8C}.Debug|x64.Build.0 = Debug|Any CPU
		{CA3E487B-43A5-434C-8A58-BCA975156B8C}.Debug|x86.ActiveCfg = Debug|Any CPU
		{CA3E487B-43A5-434C-8A58-BCA975156B8C}.Debug|x86.Build.0 = Debug|Any CPU
		{CA3E487B-43A5-434C-8A58-BCA975156B8C}.Release|Any CPU.ActiveCfg = Release|Any CPU
		{CA3E487B-43A5-434C-8A58-BCA975156B8C}.Release|Any CPU.Build.0 = Release|Any CPU
		{CA3E487B-43A5-434C-8A58-BCA975156B8C}.Release|x64.ActiveCfg = Release|Any CPU
		{CA3E487B-43A5-434C-8A58-BCA975156B8C}.Release|x64.Build.0 = Release|Any CPU
		{CA3E487B-43A5-434C-8A58-BCA975156B8C}.Release|x86.ActiveCfg = Release|Any CPU
		{CA3E487B-43A5-434C-8A58-BCA975156B8C}.Release|x86.Build.0 = Release|Any CPU
		{B37690EE-8503-436E-8B9A-DDC5939441B6}.Debug|Any CPU.ActiveCfg = Debug|Any CPU
		{B37690EE-8503-436E-8B9A-DDC5939441B6}.Debug|Any CPU.Build.0 = Debug|Any CPU
		{B37690EE-8503-436E-8B9A-DDC5939441B6}.Debug|x64.ActiveCfg = Debug|Any CPU
		{B37690EE-8503-436E-8B9A-DDC5939441B6}.Debug|x64.Build.0 = Debug|Any CPU
		{B37690EE-8503-436E-8B9A-DDC5939441B6}.Debug|x86.ActiveCfg = Debug|Any CPU
		{B37690EE-8503-436E-8B9A-DDC5939441B6}.Debug|x86.Build.0 = Debug|Any CPU
		{B37690EE-8503-436E-8B9A-DDC5939441B6}.Release|Any CPU.ActiveCfg = Release|Any CPU
		{B37690EE-8503-436E-8B9A-DDC5939441B6}.Release|Any CPU.Build.0 = Release|Any CPU
		{B37690EE-8503-436E-8B9A-DDC5939441B6}.Release|x64.ActiveCfg = Release|Any CPU
		{B37690EE-8503-436E-8B9A-DDC5939441B6}.Release|x64.Build.0 = Release|Any CPU
		{B37690EE-8503-436E-8B9A-DDC5939441B6}.Release|x86.ActiveCfg = Release|Any CPU
		{B37690EE-8503-436E-8B9A-DDC5939441B6}.Release|x86.Build.0 = Release|Any CPU
		{0AEE1633-1497-4D47-B297-E40CADDE47F1}.Debug|Any CPU.ActiveCfg = Debug|Any CPU
		{0AEE1633-1497-4D47-B297-E40CADDE47F1}.Debug|Any CPU.Build.0 = Debug|Any CPU
		{0AEE1633-1497-4D47-B297-E40CADDE47F1}.Debug|x64.ActiveCfg = Debug|Any CPU
		{0AEE1633-1497-4D47-B297-E40CADDE47F1}.Debug|x64.Build.0 = Debug|Any CPU
		{0AEE1633-1497-4D47-B297-E40CADDE47F1}.Debug|x86.ActiveCfg = Debug|Any CPU
		{0AEE1633-1497-4D47-B297-E40CADDE47F1}.Debug|x86.Build.0 = Debug|Any CPU
		{0AEE1633-1497-4D47-B297-E40CADDE47F1}.Release|Any CPU.ActiveCfg = Release|Any CPU
		{0AEE1633-1497-4D47-B297-E40CADDE47F1}.Release|Any CPU.Build.0 = Release|Any CPU
		{0AEE1633-1497-4D47-B297-E40CADDE47F1}.Release|x64.ActiveCfg = Release|Any CPU
		{0AEE1633-1497-4D47-B297-E40CADDE47F1}.Release|x64.Build.0 = Release|Any CPU
		{0AEE1633-1497-4D47-B297-E40CADDE47F1}.Release|x86.ActiveCfg = Release|Any CPU
		{0AEE1633-1497-4D47-B297-E40CADDE47F1}.Release|x86.Build.0 = Release|Any CPU
		{4F357F5B-C5FF-45D0-A572-734D260B2D49}.Debug|Any CPU.ActiveCfg = Debug|Any CPU
		{4F357F5B-C5FF-45D0-A572-734D260B2D49}.Debug|Any CPU.Build.0 = Debug|Any CPU
		{4F357F5B-C5FF-45D0-A572-734D260B2D49}.Debug|x64.ActiveCfg = Debug|Any CPU
		{4F357F5B-C5FF-45D0-A572-734D260B2D49}.Debug|x64.Build.0 = Debug|Any CPU
		{4F357F5B-C5FF-45D0-A572-734D260B2D49}.Debug|x86.ActiveCfg = Debug|Any CPU
		{4F357F5B-C5FF-45D0-A572-734D260B2D49}.Debug|x86.Build.0 = Debug|Any CPU
		{4F357F5B-C5FF-45D0-A572-734D260B2D49}.Release|Any CPU.ActiveCfg = Release|Any CPU
		{4F357F5B-C5FF-45D0-A572-734D260B2D49}.Release|Any CPU.Build.0 = Release|Any CPU
		{4F357F5B-C5FF-45D0-A572-734D260B2D49}.Release|x64.ActiveCfg = Release|Any CPU
		{4F357F5B-C5FF-45D0-A572-734D260B2D49}.Release|x64.Build.0 = Release|Any CPU
		{4F357F5B-C5FF-45D0-A572-734D260B2D49}.Release|x86.ActiveCfg = Release|Any CPU
		{4F357F5B-C5FF-45D0-A572-734D260B2D49}.Release|x86.Build.0 = Release|Any CPU
		{7CAFB537-39FD-4172-8D2A-B79F682B530D}.Debug|Any CPU.ActiveCfg = Debug|Any CPU
		{7CAFB537-39FD-4172-8D2A-B79F682B530D}.Debug|Any CPU.Build.0 = Debug|Any CPU
		{7CAFB537-39FD-4172-8D2A-B79F682B530D}.Debug|x64.ActiveCfg = Debug|Any CPU
		{7CAFB537-39FD-4172-8D2A-B79F682B530D}.Debug|x64.Build.0 = Debug|Any CPU
		{7CAFB537-39FD-4172-8D2A-B79F682B530D}.Debug|x86.ActiveCfg = Debug|Any CPU
		{7CAFB537-39FD-4172-8D2A-B79F682B530D}.Debug|x86.Build.0 = Debug|Any CPU
		{7CAFB537-39FD-4172-8D2A-B79F682B530D}.Release|Any CPU.ActiveCfg = Release|Any CPU
		{7CAFB537-39FD-4172-8D2A-B79F682B530D}.Release|Any CPU.Build.0 = Release|Any CPU
		{7CAFB537-39FD-4172-8D2A-B79F682B530D}.Release|x64.ActiveCfg = Release|Any CPU
		{7CAFB537-39FD-4172-8D2A-B79F682B530D}.Release|x64.Build.0 = Release|Any CPU
		{7CAFB537-39FD-4172-8D2A-B79F682B530D}.Release|x86.ActiveCfg = Release|Any CPU
		{7CAFB537-39FD-4172-8D2A-B79F682B530D}.Release|x86.Build.0 = Release|Any CPU
		{C5DE9B84-6D04-4E6A-803E-59630052FBCB}.Debug|Any CPU.ActiveCfg = Debug|Any CPU
		{C5DE9B84-6D04-4E6A-803E-59630052FBCB}.Debug|Any CPU.Build.0 = Debug|Any CPU
		{C5DE9B84-6D04-4E6A-803E-59630052FBCB}.Debug|x64.ActiveCfg = Debug|Any CPU
		{C5DE9B84-6D04-4E6A-803E-59630052FBCB}.Debug|x64.Build.0 = Debug|Any CPU
		{C5DE9B84-6D04-4E6A-803E-59630052FBCB}.Debug|x86.ActiveCfg = Debug|Any CPU
		{C5DE9B84-6D04-4E6A-803E-59630052FBCB}.Debug|x86.Build.0 = Debug|Any CPU
		{C5DE9B84-6D04-4E6A-803E-59630052FBCB}.Release|Any CPU.ActiveCfg = Release|Any CPU
		{C5DE9B84-6D04-4E6A-803E-59630052FBCB}.Release|Any CPU.Build.0 = Release|Any CPU
		{C5DE9B84-6D04-4E6A-803E-59630052FBCB}.Release|x64.ActiveCfg = Release|Any CPU
		{C5DE9B84-6D04-4E6A-803E-59630052FBCB}.Release|x64.Build.0 = Release|Any CPU
		{C5DE9B84-6D04-4E6A-803E-59630052FBCB}.Release|x86.ActiveCfg = Release|Any CPU
		{C5DE9B84-6D04-4E6A-803E-59630052FBCB}.Release|x86.Build.0 = Release|Any CPU
	EndGlobalSection
	GlobalSection(SolutionProperties) = preSolution
		HideSolutionNode = FALSE
	EndGlobalSection
	GlobalSection(NestedProjects) = preSolution
		{80F9678C-6935-4048-AACF-41642A48282A} = {A806095A-9D66-4D55-8662-1FC67E90F6FB}
		{425653B8-ECA1-48B5-A27B-07EF4F5694A8} = {6AF3CEF5-0A80-4258-942A-8F99BAF8A327}
		{C69FDB0F-4572-41FE-95AA-E6FAEE67AA23} = {6AF3CEF5-0A80-4258-942A-8F99BAF8A327}
		{B0788E02-309A-4FC8-BB46-A22536D572E6} = {6AF3CEF5-0A80-4258-942A-8F99BAF8A327}
		{768CBDA0-9CE9-4C72-BFA6-DD3316966ADE} = {6AF3CEF5-0A80-4258-942A-8F99BAF8A327}
		{87A7D128-DBA3-4F3A-A44D-8C2257D67BC6} = {2A0AC53D-ECE1-43E5-8FB5-497A03E70641}
		{0DDA33BD-C94F-479A-8717-5738A554F3B1} = {2A0AC53D-ECE1-43E5-8FB5-497A03E70641}
		{B94F7CAB-230F-4EB8-870E-2096AE0E404C} = {B39420D8-BB43-4085-B554-CE0C90C93BC7}
		{51279890-5EDE-42A3-8D8D-EE0230CE0944} = {B39420D8-BB43-4085-B554-CE0C90C93BC7}
		{0A574507-A3BF-4A7B-9E7B-41B173F60E20} = {B39420D8-BB43-4085-B554-CE0C90C93BC7}
		{BC2EFC62-6E03-4353-8D6F-03F6790E5D25} = {941EB9E2-C314-4E3C-B118-2191D3BAED14}
		{F7EF2B23-813F-4BAC-87E0-61A3EFAF834E} = {941EB9E2-C314-4E3C-B118-2191D3BAED14}
		{2AE00C65-E72F-4F95-9554-55E9B7D1A519} = {A806095A-9D66-4D55-8662-1FC67E90F6FB}
		{72D908BC-E18D-4D3C-AFF1-68C969994E4E} = {00674552-9AA9-4429-A228-537A1EAFDA84}
		{2B2C5DED-4CC7-489B-9DA1-F29FC3601A11} = {00674552-9AA9-4429-A228-537A1EAFDA84}
		{3D14D687-1776-4357-9D93-8513F33E47D0} = {A806095A-9D66-4D55-8662-1FC67E90F6FB}
		{A52C1084-C382-46DD-8978-02336EF16B1A} = {A806095A-9D66-4D55-8662-1FC67E90F6FB}
		{7BF5E459-D6B6-45C5-8EFB-6CCCB9467ADC} = {A806095A-9D66-4D55-8662-1FC67E90F6FB}
		{6E13AC22-9BB2-4164-AB14-C5087F07C8E1} = {2A0AC53D-ECE1-43E5-8FB5-497A03E70641}
		{CA3E487B-43A5-434C-8A58-BCA975156B8C} = {1C0A5A25-1794-47CD-8AB2-CE09A05B8A60}
		{B37690EE-8503-436E-8B9A-DDC5939441B6} = {1C0A5A25-1794-47CD-8AB2-CE09A05B8A60}
		{0AEE1633-1497-4D47-B297-E40CADDE47F1} = {B39420D8-BB43-4085-B554-CE0C90C93BC7}
		{7CAFB537-39FD-4172-8D2A-B79F682B530D} = {A806095A-9D66-4D55-8662-1FC67E90F6FB}
		{C5DE9B84-6D04-4E6A-803E-59630052FBCB} = {A806095A-9D66-4D55-8662-1FC67E90F6FB}
	EndGlobalSection
	GlobalSection(ExtensibilityGlobals) = postSolution
		SolutionGuid = {D92D723F-44EC-4C1E-AAC3-C162FCEAAA08}
	EndGlobalSection
EndGlobal
