
Microsoft Visual Studio Solution File, Format Version 12.00
# Visual Studio 14
VisualStudioVersion = 14.0.23107.0
MinimumVisualStudioVersion = 10.0.40219.1
Project("{FAE04EC0-301F-11D3-BF4B-00C04F79EFBC}") = "Jasper", "Jasper\Jasper.csproj", "{6FA16398-898B-4620-AB66-38C41BF45D35}"
EndProject
Project("{FAE04EC0-301F-11D3-BF4B-00C04F79EFBC}") = "Jasper.Testing", "Jasper.Testing\Jasper.Testing.csproj", "{A6311626-348A-483A-9EDC-763D2C7E082D}"
EndProject
Global
	GlobalSection(SolutionConfigurationPlatforms) = preSolution
		Debug|Any CPU = Debug|Any CPU
		Release|Any CPU = Release|Any CPU
	EndGlobalSection
	GlobalSection(ProjectConfigurationPlatforms) = postSolution
		{6FA16398-898B-4620-AB66-38C41BF45D35}.Debug|Any CPU.ActiveCfg = Debug|Any CPU
		{6FA16398-898B-4620-AB66-38C41BF45D35}.Debug|Any CPU.Build.0 = Debug|Any CPU
		{6FA16398-898B-4620-AB66-38C41BF45D35}.Release|Any CPU.ActiveCfg = Release|Any CPU
		{6FA16398-898B-4620-AB66-38C41BF45D35}.Release|Any CPU.Build.0 = Release|Any CPU
		{A6311626-348A-483A-9EDC-763D2C7E082D}.Debug|Any CPU.ActiveCfg = Debug|Any CPU
		{A6311626-348A-483A-9EDC-763D2C7E082D}.Debug|Any CPU.Build.0 = Debug|Any CPU
		{A6311626-348A-483A-9EDC-763D2C7E082D}.Release|Any CPU.ActiveCfg = Release|Any CPU
		{A6311626-348A-483A-9EDC-763D2C7E082D}.Release|Any CPU.Build.0 = Release|Any CPU
	EndGlobalSection
	GlobalSection(SolutionProperties) = preSolution
		HideSolutionNode = FALSE
	EndGlobalSection
EndGlobal
